// !$*UTF8*$!
{
	archiveVersion = 1;
	classes = {
	};
	objectVersion = 50;
	objects = {

/* Begin PBXBuildFile section */
		111EDDAF23EABEA700F1F473 /* main.cpp in Sources */ = {isa = PBXBuildFile; fileRef = 111EDDAE23EABEA700F1F473 /* main.cpp */; };
		114C73BD23E69B6700BBE415 /* main.cpp in Sources */ = {isa = PBXBuildFile; fileRef = 114C73BC23E69B6700BBE415 /* main.cpp */; };
		114C73C823E6B81700BBE415 /* main.cpp in Sources */ = {isa = PBXBuildFile; fileRef = 114C73C723E6B81700BBE415 /* main.cpp */; };
		114C73D323E6C9DA00BBE415 /* main.cpp in Sources */ = {isa = PBXBuildFile; fileRef = 114C73D223E6C9DA00BBE415 /* main.cpp */; };
		114C73DE23E70ABA00BBE415 /* main.cpp in Sources */ = {isa = PBXBuildFile; fileRef = 114C73DD23E70ABA00BBE415 /* main.cpp */; };
		114C73E923E7C5C600BBE415 /* main.cpp in Sources */ = {isa = PBXBuildFile; fileRef = 114C73E823E7C5C600BBE415 /* main.cpp */; };
		114C73F423E7F64D00BBE415 /* main.cpp in Sources */ = {isa = PBXBuildFile; fileRef = 114C73F323E7F64D00BBE415 /* main.cpp */; };
		116C966F23E5656D009FD880 /* BinaryTree.cpp in Sources */ = {isa = PBXBuildFile; fileRef = 116C966D23E5656D009FD880 /* BinaryTree.cpp */; };
		116C967723E5959D009FD880 /* main.cpp in Sources */ = {isa = PBXBuildFile; fileRef = 116C967623E5959D009FD880 /* main.cpp */; };
		116C967D23E59655009FD880 /* BinaryTreeAdvanced.cpp in Sources */ = {isa = PBXBuildFile; fileRef = 116C967B23E59655009FD880 /* BinaryTreeAdvanced.cpp */; };
		119357F623EAC83F005E443B /* LinkedList.cpp in Sources */ = {isa = PBXBuildFile; fileRef = 119357F523EAC83F005E443B /* LinkedList.cpp */; };
		119E8DA523E802FB0079D78D /* main.cpp in Sources */ = {isa = PBXBuildFile; fileRef = 119E8DA423E802FB0079D78D /* main.cpp */; };
		119E8DB023E8179B0079D78D /* main.cpp in Sources */ = {isa = PBXBuildFile; fileRef = 119E8DAF23E8179B0079D78D /* main.cpp */; };
		119E8DBB23E93FB10079D78D /* main.cpp in Sources */ = {isa = PBXBuildFile; fileRef = 119E8DBA23E93FB10079D78D /* main.cpp */; };
		119E8DC623E959830079D78D /* main.cpp in Sources */ = {isa = PBXBuildFile; fileRef = 119E8DC523E959830079D78D /* main.cpp */; };
		119E8DD123E987FB0079D78D /* main.cpp in Sources */ = {isa = PBXBuildFile; fileRef = 119E8DD023E987FB0079D78D /* main.cpp */; };
		119E8DE723EA8A800079D78D /* main.cpp in Sources */ = {isa = PBXBuildFile; fileRef = 119E8DE623EA8A800079D78D /* main.cpp */; };
		119E8DF223EA996A0079D78D /* main.cpp in Sources */ = {isa = PBXBuildFile; fileRef = 119E8DF123EA996A0079D78D /* main.cpp */; };
		119E8DFD23EABB110079D78D /* main.cpp in Sources */ = {isa = PBXBuildFile; fileRef = 119E8DFC23EABB110079D78D /* main.cpp */; };
		119E8E0323EABC980079D78D /* LinkedList.cpp in Sources */ = {isa = PBXBuildFile; fileRef = 119E8E0123EABC980079D78D /* LinkedList.cpp */; };
		119E8E0B23EABD4C0079D78D /* main.cpp in Sources */ = {isa = PBXBuildFile; fileRef = 119E8E0A23EABD4C0079D78D /* main.cpp */; };
		11E5E50E23EAE619005991E8 /* LinkedList.cpp in Sources */ = {isa = PBXBuildFile; fileRef = 11E5E50D23EAE619005991E8 /* LinkedList.cpp */; };
		11E5E51623EAE941005991E8 /* main.cpp in Sources */ = {isa = PBXBuildFile; fileRef = 11E5E51523EAE941005991E8 /* main.cpp */; };
		11E5E51C23EAEA19005991E8 /* LinkedList.cpp in Sources */ = {isa = PBXBuildFile; fileRef = 11E5E51B23EAEA19005991E8 /* LinkedList.cpp */; };
		11E5E52423EAEDDD005991E8 /* main.cpp in Sources */ = {isa = PBXBuildFile; fileRef = 11E5E52323EAEDDD005991E8 /* main.cpp */; };
		11E5E52A23EAEE18005991E8 /* BinaryTree.cpp in Sources */ = {isa = PBXBuildFile; fileRef = 11E5E52823EAEE18005991E8 /* BinaryTree.cpp */; };
		11E5E56423EBE04C005991E8 /* main.cpp in Sources */ = {isa = PBXBuildFile; fileRef = 11E5E56323EBE04C005991E8 /* main.cpp */; };
		11E5E56723EBE08E005991E8 /* BinaryTree.cpp in Sources */ = {isa = PBXBuildFile; fileRef = 11E5E56523EBE08E005991E8 /* BinaryTree.cpp */; };
		11F819A523E3C340007FD1BD /* main.cpp in Sources */ = {isa = PBXBuildFile; fileRef = 11F819A423E3C340007FD1BD /* main.cpp */; };
		11F819B223E3D029007FD1BD /* main.cpp in Sources */ = {isa = PBXBuildFile; fileRef = 11F819B123E3D029007FD1BD /* main.cpp */; };
		11F819BD23E3EF5A007FD1BD /* main.cpp in Sources */ = {isa = PBXBuildFile; fileRef = 11F819BC23E3EF5A007FD1BD /* main.cpp */; };
		11F819C823E4002C007FD1BD /* main.cpp in Sources */ = {isa = PBXBuildFile; fileRef = 11F819C723E4002C007FD1BD /* main.cpp */; };
		11F819D323E44AD7007FD1BD /* main.cpp in Sources */ = {isa = PBXBuildFile; fileRef = 11F819D223E44AD7007FD1BD /* main.cpp */; };
		11F819DE23E486B2007FD1BD /* main.cpp in Sources */ = {isa = PBXBuildFile; fileRef = 11F819DD23E486B2007FD1BD /* main.cpp */; };
/* End PBXBuildFile section */

/* Begin PBXCopyFilesBuildPhase section */
		111EDDAA23EABEA700F1F473 /* CopyFiles */ = {
			isa = PBXCopyFilesBuildPhase;
			buildActionMask = 2147483647;
			dstPath = /usr/share/man/man1/;
			dstSubfolderSpec = 0;
			files = (
			);
			runOnlyForDeploymentPostprocessing = 1;
		};
		114C73B823E69B6700BBE415 /* CopyFiles */ = {
			isa = PBXCopyFilesBuildPhase;
			buildActionMask = 2147483647;
			dstPath = /usr/share/man/man1/;
			dstSubfolderSpec = 0;
			files = (
			);
			runOnlyForDeploymentPostprocessing = 1;
		};
		114C73C323E6B81700BBE415 /* CopyFiles */ = {
			isa = PBXCopyFilesBuildPhase;
			buildActionMask = 2147483647;
			dstPath = /usr/share/man/man1/;
			dstSubfolderSpec = 0;
			files = (
			);
			runOnlyForDeploymentPostprocessing = 1;
		};
		114C73CE23E6C9DA00BBE415 /* CopyFiles */ = {
			isa = PBXCopyFilesBuildPhase;
			buildActionMask = 2147483647;
			dstPath = /usr/share/man/man1/;
			dstSubfolderSpec = 0;
			files = (
			);
			runOnlyForDeploymentPostprocessing = 1;
		};
		114C73D923E70ABA00BBE415 /* CopyFiles */ = {
			isa = PBXCopyFilesBuildPhase;
			buildActionMask = 2147483647;
			dstPath = /usr/share/man/man1/;
			dstSubfolderSpec = 0;
			files = (
			);
			runOnlyForDeploymentPostprocessing = 1;
		};
		114C73E423E7C5C600BBE415 /* CopyFiles */ = {
			isa = PBXCopyFilesBuildPhase;
			buildActionMask = 2147483647;
			dstPath = /usr/share/man/man1/;
			dstSubfolderSpec = 0;
			files = (
			);
			runOnlyForDeploymentPostprocessing = 1;
		};
		114C73EF23E7F64D00BBE415 /* CopyFiles */ = {
			isa = PBXCopyFilesBuildPhase;
			buildActionMask = 2147483647;
			dstPath = /usr/share/man/man1/;
			dstSubfolderSpec = 0;
			files = (
			);
			runOnlyForDeploymentPostprocessing = 1;
		};
		116C967223E5959D009FD880 /* CopyFiles */ = {
			isa = PBXCopyFilesBuildPhase;
			buildActionMask = 2147483647;
			dstPath = /usr/share/man/man1/;
			dstSubfolderSpec = 0;
			files = (
			);
			runOnlyForDeploymentPostprocessing = 1;
		};
		119E8DA023E802FB0079D78D /* CopyFiles */ = {
			isa = PBXCopyFilesBuildPhase;
			buildActionMask = 2147483647;
			dstPath = /usr/share/man/man1/;
			dstSubfolderSpec = 0;
			files = (
			);
			runOnlyForDeploymentPostprocessing = 1;
		};
		119E8DAB23E8179B0079D78D /* CopyFiles */ = {
			isa = PBXCopyFilesBuildPhase;
			buildActionMask = 2147483647;
			dstPath = /usr/share/man/man1/;
			dstSubfolderSpec = 0;
			files = (
			);
			runOnlyForDeploymentPostprocessing = 1;
		};
		119E8DB623E93FB10079D78D /* CopyFiles */ = {
			isa = PBXCopyFilesBuildPhase;
			buildActionMask = 2147483647;
			dstPath = /usr/share/man/man1/;
			dstSubfolderSpec = 0;
			files = (
			);
			runOnlyForDeploymentPostprocessing = 1;
		};
		119E8DC123E959830079D78D /* CopyFiles */ = {
			isa = PBXCopyFilesBuildPhase;
			buildActionMask = 2147483647;
			dstPath = /usr/share/man/man1/;
			dstSubfolderSpec = 0;
			files = (
			);
			runOnlyForDeploymentPostprocessing = 1;
		};
		119E8DCC23E987FB0079D78D /* CopyFiles */ = {
			isa = PBXCopyFilesBuildPhase;
			buildActionMask = 2147483647;
			dstPath = /usr/share/man/man1/;
			dstSubfolderSpec = 0;
			files = (
			);
			runOnlyForDeploymentPostprocessing = 1;
		};
		119E8DD723E99CD60079D78D /* CopyFiles */ = {
			isa = PBXCopyFilesBuildPhase;
			buildActionMask = 2147483647;
			dstPath = /usr/share/man/man1/;
			dstSubfolderSpec = 0;
			files = (
			);
			runOnlyForDeploymentPostprocessing = 1;
		};
		119E8DE223EA8A800079D78D /* CopyFiles */ = {
			isa = PBXCopyFilesBuildPhase;
			buildActionMask = 2147483647;
			dstPath = /usr/share/man/man1/;
			dstSubfolderSpec = 0;
			files = (
			);
			runOnlyForDeploymentPostprocessing = 1;
		};
		119E8DED23EA996A0079D78D /* CopyFiles */ = {
			isa = PBXCopyFilesBuildPhase;
			buildActionMask = 2147483647;
			dstPath = /usr/share/man/man1/;
			dstSubfolderSpec = 0;
			files = (
			);
			runOnlyForDeploymentPostprocessing = 1;
		};
		119E8DF823EABB110079D78D /* CopyFiles */ = {
			isa = PBXCopyFilesBuildPhase;
			buildActionMask = 2147483647;
			dstPath = /usr/share/man/man1/;
			dstSubfolderSpec = 0;
			files = (
			);
			runOnlyForDeploymentPostprocessing = 1;
		};
		119E8E0623EABD4C0079D78D /* CopyFiles */ = {
			isa = PBXCopyFilesBuildPhase;
			buildActionMask = 2147483647;
			dstPath = /usr/share/man/man1/;
			dstSubfolderSpec = 0;
			files = (
			);
			runOnlyForDeploymentPostprocessing = 1;
		};
		11E5E51123EAE941005991E8 /* CopyFiles */ = {
			isa = PBXCopyFilesBuildPhase;
			buildActionMask = 2147483647;
			dstPath = /usr/share/man/man1/;
			dstSubfolderSpec = 0;
			files = (
			);
			runOnlyForDeploymentPostprocessing = 1;
		};
		11E5E51F23EAEDDD005991E8 /* CopyFiles */ = {
			isa = PBXCopyFilesBuildPhase;
			buildActionMask = 2147483647;
			dstPath = /usr/share/man/man1/;
			dstSubfolderSpec = 0;
			files = (
			);
			runOnlyForDeploymentPostprocessing = 1;
		};
		11E5E55A23EBE017005991E8 /* CopyFiles */ = {
			isa = PBXCopyFilesBuildPhase;
			buildActionMask = 2147483647;
			dstPath = /usr/share/man/man1/;
			dstSubfolderSpec = 0;
			files = (
			);
			runOnlyForDeploymentPostprocessing = 1;
		};
		11F8199F23E3C33F007FD1BD /* CopyFiles */ = {
			isa = PBXCopyFilesBuildPhase;
			buildActionMask = 2147483647;
			dstPath = /usr/share/man/man1/;
			dstSubfolderSpec = 0;
			files = (
			);
			runOnlyForDeploymentPostprocessing = 1;
		};
		11F819AD23E3D029007FD1BD /* CopyFiles */ = {
			isa = PBXCopyFilesBuildPhase;
			buildActionMask = 2147483647;
			dstPath = /usr/share/man/man1/;
			dstSubfolderSpec = 0;
			files = (
			);
			runOnlyForDeploymentPostprocessing = 1;
		};
		11F819B823E3EF5A007FD1BD /* CopyFiles */ = {
			isa = PBXCopyFilesBuildPhase;
			buildActionMask = 2147483647;
			dstPath = /usr/share/man/man1/;
			dstSubfolderSpec = 0;
			files = (
			);
			runOnlyForDeploymentPostprocessing = 1;
		};
		11F819C323E4002C007FD1BD /* CopyFiles */ = {
			isa = PBXCopyFilesBuildPhase;
			buildActionMask = 2147483647;
			dstPath = /usr/share/man/man1/;
			dstSubfolderSpec = 0;
			files = (
			);
			runOnlyForDeploymentPostprocessing = 1;
		};
		11F819CE23E44AD7007FD1BD /* CopyFiles */ = {
			isa = PBXCopyFilesBuildPhase;
			buildActionMask = 2147483647;
			dstPath = /usr/share/man/man1/;
			dstSubfolderSpec = 0;
			files = (
			);
			runOnlyForDeploymentPostprocessing = 1;
		};
		11F819D923E486B2007FD1BD /* CopyFiles */ = {
			isa = PBXCopyFilesBuildPhase;
			buildActionMask = 2147483647;
			dstPath = /usr/share/man/man1/;
			dstSubfolderSpec = 0;
			files = (
			);
			runOnlyForDeploymentPostprocessing = 1;
		};
/* End PBXCopyFilesBuildPhase section */

/* Begin PBXFileReference section */
		111EDDAC23EABEA700F1F473 /* 24LinkListRevesed */ = {isa = PBXFileReference; explicitFileType = "compiled.mach-o.executable"; includeInIndex = 0; path = 24LinkListRevesed; sourceTree = BUILT_PRODUCTS_DIR; };
		111EDDAE23EABEA700F1F473 /* main.cpp */ = {isa = PBXFileReference; lastKnownFileType = sourcecode.cpp.cpp; path = main.cpp; sourceTree = "<group>"; };
		114C73BA23E69B6700BBE415 /* 9StackToQueue */ = {isa = PBXFileReference; explicitFileType = "compiled.mach-o.executable"; includeInIndex = 0; path = 9StackToQueue; sourceTree = BUILT_PRODUCTS_DIR; };
		114C73BC23E69B6700BBE415 /* main.cpp */ = {isa = PBXFileReference; lastKnownFileType = sourcecode.cpp.cpp; path = main.cpp; sourceTree = "<group>"; };
		114C73C523E6B81700BBE415 /* 10Fibonacci */ = {isa = PBXFileReference; explicitFileType = "compiled.mach-o.executable"; includeInIndex = 0; path = 10Fibonacci; sourceTree = BUILT_PRODUCTS_DIR; };
		114C73C723E6B81700BBE415 /* main.cpp */ = {isa = PBXFileReference; lastKnownFileType = sourcecode.cpp.cpp; path = main.cpp; sourceTree = "<group>"; };
		114C73D023E6C9DA00BBE415 /* 11FindMinNumber */ = {isa = PBXFileReference; explicitFileType = "compiled.mach-o.executable"; includeInIndex = 0; path = 11FindMinNumber; sourceTree = BUILT_PRODUCTS_DIR; };
		114C73D223E6C9DA00BBE415 /* main.cpp */ = {isa = PBXFileReference; lastKnownFileType = sourcecode.cpp.cpp; path = main.cpp; sourceTree = "<group>"; };
		114C73DB23E70ABA00BBE415 /* 12FindMatrixPath */ = {isa = PBXFileReference; explicitFileType = "compiled.mach-o.executable"; includeInIndex = 0; path = 12FindMatrixPath; sourceTree = BUILT_PRODUCTS_DIR; };
		114C73DD23E70ABA00BBE415 /* main.cpp */ = {isa = PBXFileReference; lastKnownFileType = sourcecode.cpp.cpp; path = main.cpp; sourceTree = "<group>"; };
		114C73E623E7C5C600BBE415 /* 13RobotArea */ = {isa = PBXFileReference; explicitFileType = "compiled.mach-o.executable"; includeInIndex = 0; path = 13RobotArea; sourceTree = BUILT_PRODUCTS_DIR; };
		114C73E823E7C5C600BBE415 /* main.cpp */ = {isa = PBXFileReference; lastKnownFileType = sourcecode.cpp.cpp; path = main.cpp; sourceTree = "<group>"; };
		114C73F123E7F64D00BBE415 /* 14CuttingRope */ = {isa = PBXFileReference; explicitFileType = "compiled.mach-o.executable"; includeInIndex = 0; path = 14CuttingRope; sourceTree = BUILT_PRODUCTS_DIR; };
		114C73F323E7F64D00BBE415 /* main.cpp */ = {isa = PBXFileReference; lastKnownFileType = sourcecode.cpp.cpp; path = main.cpp; sourceTree = "<group>"; };
		116C966D23E5656D009FD880 /* BinaryTree.cpp */ = {isa = PBXFileReference; lastKnownFileType = sourcecode.cpp.cpp; path = BinaryTree.cpp; sourceTree = "<group>"; };
		116C966E23E5656D009FD880 /* BinaryTree.hpp */ = {isa = PBXFileReference; lastKnownFileType = sourcecode.cpp.h; path = BinaryTree.hpp; sourceTree = "<group>"; };
		116C967423E5959D009FD880 /* 8FindTheNextNode */ = {isa = PBXFileReference; explicitFileType = "compiled.mach-o.executable"; includeInIndex = 0; path = 8FindTheNextNode; sourceTree = BUILT_PRODUCTS_DIR; };
		116C967623E5959D009FD880 /* main.cpp */ = {isa = PBXFileReference; lastKnownFileType = sourcecode.cpp.cpp; path = main.cpp; sourceTree = "<group>"; };
		116C967B23E59655009FD880 /* BinaryTreeAdvanced.cpp */ = {isa = PBXFileReference; lastKnownFileType = sourcecode.cpp.cpp; path = BinaryTreeAdvanced.cpp; sourceTree = "<group>"; };
		116C967C23E59655009FD880 /* BinaryTreeAdvanced.hpp */ = {isa = PBXFileReference; lastKnownFileType = sourcecode.cpp.h; path = BinaryTreeAdvanced.hpp; sourceTree = "<group>"; };
		119357F423EAC83F005E443B /* LinkedList.hpp */ = {isa = PBXFileReference; fileEncoding = 4; lastKnownFileType = sourcecode.cpp.h; name = LinkedList.hpp; path = 22LinkedListKNode/LinkedList.hpp; sourceTree = SOURCE_ROOT; };
		119357F523EAC83F005E443B /* LinkedList.cpp */ = {isa = PBXFileReference; fileEncoding = 4; lastKnownFileType = sourcecode.cpp.cpp; name = LinkedList.cpp; path = 22LinkedListKNode/LinkedList.cpp; sourceTree = SOURCE_ROOT; };
		119E8DA223E802FB0079D78D /* 15Binary1 */ = {isa = PBXFileReference; explicitFileType = "compiled.mach-o.executable"; includeInIndex = 0; path = 15Binary1; sourceTree = BUILT_PRODUCTS_DIR; };
		119E8DA423E802FB0079D78D /* main.cpp */ = {isa = PBXFileReference; lastKnownFileType = sourcecode.cpp.cpp; path = main.cpp; sourceTree = "<group>"; };
		119E8DAD23E8179B0079D78D /* 16Power */ = {isa = PBXFileReference; explicitFileType = "compiled.mach-o.executable"; includeInIndex = 0; path = 16Power; sourceTree = BUILT_PRODUCTS_DIR; };
		119E8DAF23E8179B0079D78D /* main.cpp */ = {isa = PBXFileReference; lastKnownFileType = sourcecode.cpp.cpp; path = main.cpp; sourceTree = "<group>"; };
		119E8DB823E93FB10079D78D /* 17Print1ToMaxN */ = {isa = PBXFileReference; explicitFileType = "compiled.mach-o.executable"; includeInIndex = 0; path = 17Print1ToMaxN; sourceTree = BUILT_PRODUCTS_DIR; };
		119E8DBA23E93FB10079D78D /* main.cpp */ = {isa = PBXFileReference; lastKnownFileType = sourcecode.cpp.cpp; path = main.cpp; sourceTree = "<group>"; };
		119E8DC323E959830079D78D /* 18LikedList */ = {isa = PBXFileReference; explicitFileType = "compiled.mach-o.executable"; includeInIndex = 0; path = 18LikedList; sourceTree = BUILT_PRODUCTS_DIR; };
		119E8DC523E959830079D78D /* main.cpp */ = {isa = PBXFileReference; lastKnownFileType = sourcecode.cpp.cpp; path = main.cpp; sourceTree = "<group>"; };
		119E8DCE23E987FB0079D78D /* 19Regex */ = {isa = PBXFileReference; explicitFileType = "compiled.mach-o.executable"; includeInIndex = 0; path = 19Regex; sourceTree = BUILT_PRODUCTS_DIR; };
		119E8DD023E987FB0079D78D /* main.cpp */ = {isa = PBXFileReference; lastKnownFileType = sourcecode.cpp.cpp; path = main.cpp; sourceTree = "<group>"; };
		119E8DD923E99CD60079D78D /* 20lala */ = {isa = PBXFileReference; explicitFileType = "compiled.mach-o.executable"; includeInIndex = 0; path = 20lala; sourceTree = BUILT_PRODUCTS_DIR; };
		119E8DE423EA8A800079D78D /* 20StringIsDigit */ = {isa = PBXFileReference; explicitFileType = "compiled.mach-o.executable"; includeInIndex = 0; path = 20StringIsDigit; sourceTree = BUILT_PRODUCTS_DIR; };
		119E8DE623EA8A800079D78D /* main.cpp */ = {isa = PBXFileReference; lastKnownFileType = sourcecode.cpp.cpp; path = main.cpp; sourceTree = "<group>"; };
		119E8DEF23EA996A0079D78D /* 21OrderNumbers */ = {isa = PBXFileReference; explicitFileType = "compiled.mach-o.executable"; includeInIndex = 0; path = 21OrderNumbers; sourceTree = BUILT_PRODUCTS_DIR; };
		119E8DF123EA996A0079D78D /* main.cpp */ = {isa = PBXFileReference; lastKnownFileType = sourcecode.cpp.cpp; path = main.cpp; sourceTree = "<group>"; };
		119E8DFA23EABB110079D78D /* 22LinkedListKNode */ = {isa = PBXFileReference; explicitFileType = "compiled.mach-o.executable"; includeInIndex = 0; path = 22LinkedListKNode; sourceTree = BUILT_PRODUCTS_DIR; };
		119E8DFC23EABB110079D78D /* main.cpp */ = {isa = PBXFileReference; lastKnownFileType = sourcecode.cpp.cpp; path = main.cpp; sourceTree = "<group>"; };
		119E8E0123EABC980079D78D /* LinkedList.cpp */ = {isa = PBXFileReference; lastKnownFileType = sourcecode.cpp.cpp; path = LinkedList.cpp; sourceTree = "<group>"; };
		119E8E0223EABC980079D78D /* LinkedList.hpp */ = {isa = PBXFileReference; lastKnownFileType = sourcecode.cpp.h; path = LinkedList.hpp; sourceTree = "<group>"; };
		119E8E0823EABD4C0079D78D /* 23LinkedListCirclePoint */ = {isa = PBXFileReference; explicitFileType = "compiled.mach-o.executable"; includeInIndex = 0; path = 23LinkedListCirclePoint; sourceTree = BUILT_PRODUCTS_DIR; };
		119E8E0A23EABD4C0079D78D /* main.cpp */ = {isa = PBXFileReference; lastKnownFileType = sourcecode.cpp.cpp; path = main.cpp; sourceTree = "<group>"; };
		11E5E50A23EAE475005991E8 /* LinkedList.hpp */ = {isa = PBXFileReference; fileEncoding = 4; lastKnownFileType = sourcecode.cpp.h; name = LinkedList.hpp; path = 22LinkedListKNode/LinkedList.hpp; sourceTree = SOURCE_ROOT; };
		11E5E50D23EAE619005991E8 /* LinkedList.cpp */ = {isa = PBXFileReference; fileEncoding = 4; lastKnownFileType = sourcecode.cpp.cpp; name = LinkedList.cpp; path = 22LinkedListKNode/LinkedList.cpp; sourceTree = SOURCE_ROOT; };
		11E5E51323EAE941005991E8 /* 25LinkedListMerge */ = {isa = PBXFileReference; explicitFileType = "compiled.mach-o.executable"; includeInIndex = 0; path = 25LinkedListMerge; sourceTree = BUILT_PRODUCTS_DIR; };
		11E5E51523EAE941005991E8 /* main.cpp */ = {isa = PBXFileReference; lastKnownFileType = sourcecode.cpp.cpp; path = main.cpp; sourceTree = "<group>"; };
		11E5E51A23EAEA19005991E8 /* LinkedList.hpp */ = {isa = PBXFileReference; fileEncoding = 4; lastKnownFileType = sourcecode.cpp.h; name = LinkedList.hpp; path = 22LinkedListKNode/LinkedList.hpp; sourceTree = SOURCE_ROOT; };
		11E5E51B23EAEA19005991E8 /* LinkedList.cpp */ = {isa = PBXFileReference; fileEncoding = 4; lastKnownFileType = sourcecode.cpp.cpp; name = LinkedList.cpp; path = 22LinkedListKNode/LinkedList.cpp; sourceTree = SOURCE_ROOT; };
		11E5E52123EAEDDD005991E8 /* 26BinaryTreeSubtree */ = {isa = PBXFileReference; explicitFileType = "compiled.mach-o.executable"; includeInIndex = 0; path = 26BinaryTreeSubtree; sourceTree = BUILT_PRODUCTS_DIR; };
		11E5E52323EAEDDD005991E8 /* main.cpp */ = {isa = PBXFileReference; lastKnownFileType = sourcecode.cpp.cpp; path = main.cpp; sourceTree = "<group>"; };
		11E5E52823EAEE18005991E8 /* BinaryTree.cpp */ = {isa = PBXFileReference; fileEncoding = 4; lastKnownFileType = sourcecode.cpp.cpp; name = BinaryTree.cpp; path = 7RebuildBinaryTree/BinaryTree.cpp; sourceTree = SOURCE_ROOT; };
		11E5E52923EAEE18005991E8 /* BinaryTree.hpp */ = {isa = PBXFileReference; fileEncoding = 4; lastKnownFileType = sourcecode.cpp.h; name = BinaryTree.hpp; path = 7RebuildBinaryTree/BinaryTree.hpp; sourceTree = SOURCE_ROOT; };
		11E5E55C23EBE017005991E8 /* 27BinaryTreeMirror */ = {isa = PBXFileReference; explicitFileType = "compiled.mach-o.executable"; includeInIndex = 0; path = 27BinaryTreeMirror; sourceTree = BUILT_PRODUCTS_DIR; };
		11E5E56323EBE04C005991E8 /* main.cpp */ = {isa = PBXFileReference; lastKnownFileType = sourcecode.cpp.cpp; path = main.cpp; sourceTree = "<group>"; };
		11E5E56523EBE08E005991E8 /* BinaryTree.cpp */ = {isa = PBXFileReference; fileEncoding = 4; lastKnownFileType = sourcecode.cpp.cpp; name = BinaryTree.cpp; path = 7RebuildBinaryTree/BinaryTree.cpp; sourceTree = SOURCE_ROOT; };
		11E5E56623EBE08E005991E8 /* BinaryTree.hpp */ = {isa = PBXFileReference; fileEncoding = 4; lastKnownFileType = sourcecode.cpp.h; name = BinaryTree.hpp; path = 7RebuildBinaryTree/BinaryTree.hpp; sourceTree = SOURCE_ROOT; };
		11F819A123E3C340007FD1BD /* AlgorithmsForOffer */ = {isa = PBXFileReference; explicitFileType = "compiled.mach-o.executable"; includeInIndex = 0; path = AlgorithmsForOffer; sourceTree = BUILT_PRODUCTS_DIR; };
		11F819A423E3C340007FD1BD /* main.cpp */ = {isa = PBXFileReference; lastKnownFileType = sourcecode.cpp.cpp; path = main.cpp; sourceTree = "<group>"; };
		11F819AF23E3D029007FD1BD /* 3RepeatNum */ = {isa = PBXFileReference; explicitFileType = "compiled.mach-o.executable"; includeInIndex = 0; path = 3RepeatNum; sourceTree = BUILT_PRODUCTS_DIR; };
		11F819B123E3D029007FD1BD /* main.cpp */ = {isa = PBXFileReference; lastKnownFileType = sourcecode.cpp.cpp; path = main.cpp; sourceTree = "<group>"; };
		11F819BA23E3EF5A007FD1BD /* 4MatrixArray */ = {isa = PBXFileReference; explicitFileType = "compiled.mach-o.executable"; includeInIndex = 0; path = 4MatrixArray; sourceTree = BUILT_PRODUCTS_DIR; };
		11F819BC23E3EF5A007FD1BD /* main.cpp */ = {isa = PBXFileReference; lastKnownFileType = sourcecode.cpp.cpp; path = main.cpp; sourceTree = "<group>"; };
		11F819C523E4002C007FD1BD /* 5ReplaceBlank */ = {isa = PBXFileReference; explicitFileType = "compiled.mach-o.executable"; includeInIndex = 0; path = 5ReplaceBlank; sourceTree = BUILT_PRODUCTS_DIR; };
		11F819C723E4002C007FD1BD /* main.cpp */ = {isa = PBXFileReference; lastKnownFileType = sourcecode.cpp.cpp; path = main.cpp; sourceTree = "<group>"; };
		11F819D023E44AD7007FD1BD /* 6PrintLinkedList */ = {isa = PBXFileReference; explicitFileType = "compiled.mach-o.executable"; includeInIndex = 0; path = 6PrintLinkedList; sourceTree = BUILT_PRODUCTS_DIR; };
		11F819D223E44AD7007FD1BD /* main.cpp */ = {isa = PBXFileReference; lastKnownFileType = sourcecode.cpp.cpp; path = main.cpp; sourceTree = "<group>"; };
		11F819DB23E486B2007FD1BD /* 7RebuildBinaryTree */ = {isa = PBXFileReference; explicitFileType = "compiled.mach-o.executable"; includeInIndex = 0; path = 7RebuildBinaryTree; sourceTree = BUILT_PRODUCTS_DIR; };
		11F819DD23E486B2007FD1BD /* main.cpp */ = {isa = PBXFileReference; lastKnownFileType = sourcecode.cpp.cpp; path = main.cpp; sourceTree = "<group>"; };
/* End PBXFileReference section */

/* Begin PBXFrameworksBuildPhase section */
		111EDDA923EABEA700F1F473 /* Frameworks */ = {
			isa = PBXFrameworksBuildPhase;
			buildActionMask = 2147483647;
			files = (
			);
			runOnlyForDeploymentPostprocessing = 0;
		};
		114C73B723E69B6700BBE415 /* Frameworks */ = {
			isa = PBXFrameworksBuildPhase;
			buildActionMask = 2147483647;
			files = (
			);
			runOnlyForDeploymentPostprocessing = 0;
		};
		114C73C223E6B81700BBE415 /* Frameworks */ = {
			isa = PBXFrameworksBuildPhase;
			buildActionMask = 2147483647;
			files = (
			);
			runOnlyForDeploymentPostprocessing = 0;
		};
		114C73CD23E6C9DA00BBE415 /* Frameworks */ = {
			isa = PBXFrameworksBuildPhase;
			buildActionMask = 2147483647;
			files = (
			);
			runOnlyForDeploymentPostprocessing = 0;
		};
		114C73D823E70ABA00BBE415 /* Frameworks */ = {
			isa = PBXFrameworksBuildPhase;
			buildActionMask = 2147483647;
			files = (
			);
			runOnlyForDeploymentPostprocessing = 0;
		};
		114C73E323E7C5C600BBE415 /* Frameworks */ = {
			isa = PBXFrameworksBuildPhase;
			buildActionMask = 2147483647;
			files = (
			);
			runOnlyForDeploymentPostprocessing = 0;
		};
		114C73EE23E7F64D00BBE415 /* Frameworks */ = {
			isa = PBXFrameworksBuildPhase;
			buildActionMask = 2147483647;
			files = (
			);
			runOnlyForDeploymentPostprocessing = 0;
		};
		116C967123E5959D009FD880 /* Frameworks */ = {
			isa = PBXFrameworksBuildPhase;
			buildActionMask = 2147483647;
			files = (
			);
			runOnlyForDeploymentPostprocessing = 0;
		};
		119E8D9F23E802FB0079D78D /* Frameworks */ = {
			isa = PBXFrameworksBuildPhase;
			buildActionMask = 2147483647;
			files = (
			);
			runOnlyForDeploymentPostprocessing = 0;
		};
		119E8DAA23E8179B0079D78D /* Frameworks */ = {
			isa = PBXFrameworksBuildPhase;
			buildActionMask = 2147483647;
			files = (
			);
			runOnlyForDeploymentPostprocessing = 0;
		};
		119E8DB523E93FB10079D78D /* Frameworks */ = {
			isa = PBXFrameworksBuildPhase;
			buildActionMask = 2147483647;
			files = (
			);
			runOnlyForDeploymentPostprocessing = 0;
		};
		119E8DC023E959830079D78D /* Frameworks */ = {
			isa = PBXFrameworksBuildPhase;
			buildActionMask = 2147483647;
			files = (
			);
			runOnlyForDeploymentPostprocessing = 0;
		};
		119E8DCB23E987FB0079D78D /* Frameworks */ = {
			isa = PBXFrameworksBuildPhase;
			buildActionMask = 2147483647;
			files = (
			);
			runOnlyForDeploymentPostprocessing = 0;
		};
		119E8DD623E99CD60079D78D /* Frameworks */ = {
			isa = PBXFrameworksBuildPhase;
			buildActionMask = 2147483647;
			files = (
			);
			runOnlyForDeploymentPostprocessing = 0;
		};
		119E8DE123EA8A800079D78D /* Frameworks */ = {
			isa = PBXFrameworksBuildPhase;
			buildActionMask = 2147483647;
			files = (
			);
			runOnlyForDeploymentPostprocessing = 0;
		};
		119E8DEC23EA996A0079D78D /* Frameworks */ = {
			isa = PBXFrameworksBuildPhase;
			buildActionMask = 2147483647;
			files = (
			);
			runOnlyForDeploymentPostprocessing = 0;
		};
		119E8DF723EABB110079D78D /* Frameworks */ = {
			isa = PBXFrameworksBuildPhase;
			buildActionMask = 2147483647;
			files = (
			);
			runOnlyForDeploymentPostprocessing = 0;
		};
		119E8E0523EABD4C0079D78D /* Frameworks */ = {
			isa = PBXFrameworksBuildPhase;
			buildActionMask = 2147483647;
			files = (
			);
			runOnlyForDeploymentPostprocessing = 0;
		};
		11E5E51023EAE941005991E8 /* Frameworks */ = {
			isa = PBXFrameworksBuildPhase;
			buildActionMask = 2147483647;
			files = (
			);
			runOnlyForDeploymentPostprocessing = 0;
		};
		11E5E51E23EAEDDD005991E8 /* Frameworks */ = {
			isa = PBXFrameworksBuildPhase;
			buildActionMask = 2147483647;
			files = (
			);
			runOnlyForDeploymentPostprocessing = 0;
		};
		11E5E55923EBE017005991E8 /* Frameworks */ = {
			isa = PBXFrameworksBuildPhase;
			buildActionMask = 2147483647;
			files = (
			);
			runOnlyForDeploymentPostprocessing = 0;
		};
		11F8199E23E3C33F007FD1BD /* Frameworks */ = {
			isa = PBXFrameworksBuildPhase;
			buildActionMask = 2147483647;
			files = (
			);
			runOnlyForDeploymentPostprocessing = 0;
		};
		11F819AC23E3D029007FD1BD /* Frameworks */ = {
			isa = PBXFrameworksBuildPhase;
			buildActionMask = 2147483647;
			files = (
			);
			runOnlyForDeploymentPostprocessing = 0;
		};
		11F819B723E3EF5A007FD1BD /* Frameworks */ = {
			isa = PBXFrameworksBuildPhase;
			buildActionMask = 2147483647;
			files = (
			);
			runOnlyForDeploymentPostprocessing = 0;
		};
		11F819C223E4002C007FD1BD /* Frameworks */ = {
			isa = PBXFrameworksBuildPhase;
			buildActionMask = 2147483647;
			files = (
			);
			runOnlyForDeploymentPostprocessing = 0;
		};
		11F819CD23E44AD7007FD1BD /* Frameworks */ = {
			isa = PBXFrameworksBuildPhase;
			buildActionMask = 2147483647;
			files = (
			);
			runOnlyForDeploymentPostprocessing = 0;
		};
		11F819D823E486B2007FD1BD /* Frameworks */ = {
			isa = PBXFrameworksBuildPhase;
			buildActionMask = 2147483647;
			files = (
			);
			runOnlyForDeploymentPostprocessing = 0;
		};
/* End PBXFrameworksBuildPhase section */

/* Begin PBXGroup section */
		111EDDAD23EABEA700F1F473 /* 24LinkListRevesed */ = {
			isa = PBXGroup;
			children = (
				111EDDAE23EABEA700F1F473 /* main.cpp */,
				11E5E50A23EAE475005991E8 /* LinkedList.hpp */,
				11E5E50D23EAE619005991E8 /* LinkedList.cpp */,
			);
			path = 24LinkListRevesed;
			sourceTree = "<group>";
		};
		114C73BB23E69B6700BBE415 /* 9StackToQueue */ = {
			isa = PBXGroup;
			children = (
				114C73BC23E69B6700BBE415 /* main.cpp */,
			);
			path = 9StackToQueue;
			sourceTree = "<group>";
		};
		114C73C623E6B81700BBE415 /* 10Fibonacci */ = {
			isa = PBXGroup;
			children = (
				114C73C723E6B81700BBE415 /* main.cpp */,
			);
			path = 10Fibonacci;
			sourceTree = "<group>";
		};
		114C73D123E6C9DA00BBE415 /* 11FindMinNumber */ = {
			isa = PBXGroup;
			children = (
				114C73D223E6C9DA00BBE415 /* main.cpp */,
			);
			path = 11FindMinNumber;
			sourceTree = "<group>";
		};
		114C73DC23E70ABA00BBE415 /* 12FindMatrixPath */ = {
			isa = PBXGroup;
			children = (
				114C73DD23E70ABA00BBE415 /* main.cpp */,
			);
			path = 12FindMatrixPath;
			sourceTree = "<group>";
		};
		114C73E723E7C5C600BBE415 /* 13RobotArea */ = {
			isa = PBXGroup;
			children = (
				114C73E823E7C5C600BBE415 /* main.cpp */,
			);
			path = 13RobotArea;
			sourceTree = "<group>";
		};
		114C73F223E7F64D00BBE415 /* 14CuttingRope */ = {
			isa = PBXGroup;
			children = (
				114C73F323E7F64D00BBE415 /* main.cpp */,
			);
			path = 14CuttingRope;
			sourceTree = "<group>";
		};
		116C967523E5959D009FD880 /* 8FindTheNextNode */ = {
			isa = PBXGroup;
			children = (
				116C967623E5959D009FD880 /* main.cpp */,
				116C967C23E59655009FD880 /* BinaryTreeAdvanced.hpp */,
				116C967B23E59655009FD880 /* BinaryTreeAdvanced.cpp */,
			);
			path = 8FindTheNextNode;
			sourceTree = "<group>";
		};
		119E8DA323E802FB0079D78D /* 15Binary1 */ = {
			isa = PBXGroup;
			children = (
				119E8DA423E802FB0079D78D /* main.cpp */,
			);
			path = 15Binary1;
			sourceTree = "<group>";
		};
		119E8DAE23E8179B0079D78D /* 16Power */ = {
			isa = PBXGroup;
			children = (
				119E8DAF23E8179B0079D78D /* main.cpp */,
			);
			path = 16Power;
			sourceTree = "<group>";
		};
		119E8DB923E93FB10079D78D /* 17Print1ToMaxN */ = {
			isa = PBXGroup;
			children = (
				119E8DBA23E93FB10079D78D /* main.cpp */,
			);
			path = 17Print1ToMaxN;
			sourceTree = "<group>";
		};
		119E8DC423E959830079D78D /* 18LikedList */ = {
			isa = PBXGroup;
			children = (
				119E8DC523E959830079D78D /* main.cpp */,
			);
			path = 18LikedList;
			sourceTree = "<group>";
		};
		119E8DCF23E987FB0079D78D /* 19Regex */ = {
			isa = PBXGroup;
			children = (
				119E8DD023E987FB0079D78D /* main.cpp */,
			);
			path = 19Regex;
			sourceTree = "<group>";
		};
		119E8DE523EA8A800079D78D /* 20StringIsDigit */ = {
			isa = PBXGroup;
			children = (
				119E8DE623EA8A800079D78D /* main.cpp */,
			);
			path = 20StringIsDigit;
			sourceTree = "<group>";
		};
		119E8DF023EA996A0079D78D /* 21OrderNumbers */ = {
			isa = PBXGroup;
			children = (
				119E8DF123EA996A0079D78D /* main.cpp */,
			);
			path = 21OrderNumbers;
			sourceTree = "<group>";
		};
		119E8DFB23EABB110079D78D /* 22LinkedListKNode */ = {
			isa = PBXGroup;
			children = (
				119E8DFC23EABB110079D78D /* main.cpp */,
				119E8E0123EABC980079D78D /* LinkedList.cpp */,
				119E8E0223EABC980079D78D /* LinkedList.hpp */,
			);
			path = 22LinkedListKNode;
			sourceTree = "<group>";
		};
		119E8E0923EABD4C0079D78D /* 23LinkedListCirclePoint */ = {
			isa = PBXGroup;
			children = (
				119E8E0A23EABD4C0079D78D /* main.cpp */,
				119357F523EAC83F005E443B /* LinkedList.cpp */,
				119357F423EAC83F005E443B /* LinkedList.hpp */,
			);
			path = 23LinkedListCirclePoint;
			sourceTree = "<group>";
		};
		11E5E51423EAE941005991E8 /* 25LinkedListMerge */ = {
			isa = PBXGroup;
			children = (
				11E5E51523EAE941005991E8 /* main.cpp */,
				11E5E51B23EAEA19005991E8 /* LinkedList.cpp */,
				11E5E51A23EAEA19005991E8 /* LinkedList.hpp */,
			);
			path = 25LinkedListMerge;
			sourceTree = "<group>";
		};
		11E5E52223EAEDDD005991E8 /* 26BinaryTreeSubtree */ = {
			isa = PBXGroup;
			children = (
				11E5E52323EAEDDD005991E8 /* main.cpp */,
				11E5E52823EAEE18005991E8 /* BinaryTree.cpp */,
				11E5E52923EAEE18005991E8 /* BinaryTree.hpp */,
			);
			path = 26BinaryTreeSubtree;
			sourceTree = "<group>";
		};
		11E5E55D23EBE017005991E8 /* 27BinaryTreeMirror */ = {
			isa = PBXGroup;
			children = (
				11E5E56323EBE04C005991E8 /* main.cpp */,
				11E5E56523EBE08E005991E8 /* BinaryTree.cpp */,
				11E5E56623EBE08E005991E8 /* BinaryTree.hpp */,
			);
			path = 27BinaryTreeMirror;
			sourceTree = "<group>";
		};
		11F8199823E3C33F007FD1BD = {
			isa = PBXGroup;
			children = (
				11F819A323E3C340007FD1BD /* AlgorithmsForOffer */,
				11F819B023E3D029007FD1BD /* 3RepeatNum */,
				11F819BB23E3EF5A007FD1BD /* 4MatrixArray */,
				11F819C623E4002C007FD1BD /* 5ReplaceBlank */,
				11F819D123E44AD7007FD1BD /* 6PrintLinkedList */,
				11F819DC23E486B2007FD1BD /* 7RebuildBinaryTree */,
				116C967523E5959D009FD880 /* 8FindTheNextNode */,
				114C73BB23E69B6700BBE415 /* 9StackToQueue */,
				114C73C623E6B81700BBE415 /* 10Fibonacci */,
				114C73D123E6C9DA00BBE415 /* 11FindMinNumber */,
				114C73DC23E70ABA00BBE415 /* 12FindMatrixPath */,
				114C73E723E7C5C600BBE415 /* 13RobotArea */,
				114C73F223E7F64D00BBE415 /* 14CuttingRope */,
				119E8DA323E802FB0079D78D /* 15Binary1 */,
				119E8DAE23E8179B0079D78D /* 16Power */,
				119E8DB923E93FB10079D78D /* 17Print1ToMaxN */,
				119E8DC423E959830079D78D /* 18LikedList */,
				119E8DCF23E987FB0079D78D /* 19Regex */,
				119E8DE523EA8A800079D78D /* 20StringIsDigit */,
				119E8DF023EA996A0079D78D /* 21OrderNumbers */,
				119E8DFB23EABB110079D78D /* 22LinkedListKNode */,
				119E8E0923EABD4C0079D78D /* 23LinkedListCirclePoint */,
				111EDDAD23EABEA700F1F473 /* 24LinkListRevesed */,
				11E5E51423EAE941005991E8 /* 25LinkedListMerge */,
				11E5E52223EAEDDD005991E8 /* 26BinaryTreeSubtree */,
				11E5E55D23EBE017005991E8 /* 27BinaryTreeMirror */,
				11F819A223E3C340007FD1BD /* Products */,
			);
			sourceTree = "<group>";
		};
		11F819A223E3C340007FD1BD /* Products */ = {
			isa = PBXGroup;
			children = (
				11F819A123E3C340007FD1BD /* AlgorithmsForOffer */,
				11F819AF23E3D029007FD1BD /* 3RepeatNum */,
				11F819BA23E3EF5A007FD1BD /* 4MatrixArray */,
				11F819C523E4002C007FD1BD /* 5ReplaceBlank */,
				11F819D023E44AD7007FD1BD /* 6PrintLinkedList */,
				11F819DB23E486B2007FD1BD /* 7RebuildBinaryTree */,
				116C967423E5959D009FD880 /* 8FindTheNextNode */,
				114C73BA23E69B6700BBE415 /* 9StackToQueue */,
				114C73C523E6B81700BBE415 /* 10Fibonacci */,
				114C73D023E6C9DA00BBE415 /* 11FindMinNumber */,
				114C73DB23E70ABA00BBE415 /* 12FindMatrixPath */,
				114C73E623E7C5C600BBE415 /* 13RobotArea */,
				114C73F123E7F64D00BBE415 /* 14CuttingRope */,
				119E8DA223E802FB0079D78D /* 15Binary1 */,
				119E8DAD23E8179B0079D78D /* 16Power */,
				119E8DB823E93FB10079D78D /* 17Print1ToMaxN */,
				119E8DC323E959830079D78D /* 18LikedList */,
				119E8DCE23E987FB0079D78D /* 19Regex */,
				119E8DD923E99CD60079D78D /* 20lala */,
				119E8DE423EA8A800079D78D /* 20StringIsDigit */,
				119E8DEF23EA996A0079D78D /* 21OrderNumbers */,
				119E8DFA23EABB110079D78D /* 22LinkedListKNode */,
				119E8E0823EABD4C0079D78D /* 23LinkedListCirclePoint */,
				111EDDAC23EABEA700F1F473 /* 24LinkListRevesed */,
				11E5E51323EAE941005991E8 /* 25LinkedListMerge */,
				11E5E52123EAEDDD005991E8 /* 26BinaryTreeSubtree */,
				11E5E55C23EBE017005991E8 /* 27BinaryTreeMirror */,
			);
			name = Products;
			sourceTree = "<group>";
		};
		11F819A323E3C340007FD1BD /* AlgorithmsForOffer */ = {
			isa = PBXGroup;
			children = (
				11F819A423E3C340007FD1BD /* main.cpp */,
			);
			path = AlgorithmsForOffer;
			sourceTree = "<group>";
		};
		11F819B023E3D029007FD1BD /* 3RepeatNum */ = {
			isa = PBXGroup;
			children = (
				11F819B123E3D029007FD1BD /* main.cpp */,
			);
			path = 3RepeatNum;
			sourceTree = "<group>";
		};
		11F819BB23E3EF5A007FD1BD /* 4MatrixArray */ = {
			isa = PBXGroup;
			children = (
				11F819BC23E3EF5A007FD1BD /* main.cpp */,
			);
			path = 4MatrixArray;
			sourceTree = "<group>";
		};
		11F819C623E4002C007FD1BD /* 5ReplaceBlank */ = {
			isa = PBXGroup;
			children = (
				11F819C723E4002C007FD1BD /* main.cpp */,
			);
			path = 5ReplaceBlank;
			sourceTree = "<group>";
		};
		11F819D123E44AD7007FD1BD /* 6PrintLinkedList */ = {
			isa = PBXGroup;
			children = (
				11F819D223E44AD7007FD1BD /* main.cpp */,
			);
			path = 6PrintLinkedList;
			sourceTree = "<group>";
		};
		11F819DC23E486B2007FD1BD /* 7RebuildBinaryTree */ = {
			isa = PBXGroup;
			children = (
				11F819DD23E486B2007FD1BD /* main.cpp */,
				116C966D23E5656D009FD880 /* BinaryTree.cpp */,
				116C966E23E5656D009FD880 /* BinaryTree.hpp */,
			);
			path = 7RebuildBinaryTree;
			sourceTree = "<group>";
		};
/* End PBXGroup section */

/* Begin PBXNativeTarget section */
		111EDDAB23EABEA700F1F473 /* 24LinkListRevesed */ = {
			isa = PBXNativeTarget;
			buildConfigurationList = 111EDDB223EABEA700F1F473 /* Build configuration list for PBXNativeTarget "24LinkListRevesed" */;
			buildPhases = (
				111EDDA823EABEA700F1F473 /* Sources */,
				111EDDA923EABEA700F1F473 /* Frameworks */,
				111EDDAA23EABEA700F1F473 /* CopyFiles */,
			);
			buildRules = (
			);
			dependencies = (
			);
			name = 24LinkListRevesed;
			productName = 24LinkListRevesed;
			productReference = 111EDDAC23EABEA700F1F473 /* 24LinkListRevesed */;
			productType = "com.apple.product-type.tool";
		};
		114C73B923E69B6700BBE415 /* 9StackToQueue */ = {
			isa = PBXNativeTarget;
			buildConfigurationList = 114C73C023E69B6700BBE415 /* Build configuration list for PBXNativeTarget "9StackToQueue" */;
			buildPhases = (
				114C73B623E69B6700BBE415 /* Sources */,
				114C73B723E69B6700BBE415 /* Frameworks */,
				114C73B823E69B6700BBE415 /* CopyFiles */,
			);
			buildRules = (
			);
			dependencies = (
			);
			name = 9StackToQueue;
			productName = 9StackToQueue;
			productReference = 114C73BA23E69B6700BBE415 /* 9StackToQueue */;
			productType = "com.apple.product-type.tool";
		};
		114C73C423E6B81700BBE415 /* 10Fibonacci */ = {
			isa = PBXNativeTarget;
			buildConfigurationList = 114C73C923E6B81700BBE415 /* Build configuration list for PBXNativeTarget "10Fibonacci" */;
			buildPhases = (
				114C73C123E6B81700BBE415 /* Sources */,
				114C73C223E6B81700BBE415 /* Frameworks */,
				114C73C323E6B81700BBE415 /* CopyFiles */,
			);
			buildRules = (
			);
			dependencies = (
			);
			name = 10Fibonacci;
			productName = 10Fibonacci;
			productReference = 114C73C523E6B81700BBE415 /* 10Fibonacci */;
			productType = "com.apple.product-type.tool";
		};
		114C73CF23E6C9DA00BBE415 /* 11FindMinNumber */ = {
			isa = PBXNativeTarget;
			buildConfigurationList = 114C73D423E6C9DA00BBE415 /* Build configuration list for PBXNativeTarget "11FindMinNumber" */;
			buildPhases = (
				114C73CC23E6C9DA00BBE415 /* Sources */,
				114C73CD23E6C9DA00BBE415 /* Frameworks */,
				114C73CE23E6C9DA00BBE415 /* CopyFiles */,
			);
			buildRules = (
			);
			dependencies = (
			);
			name = 11FindMinNumber;
			productName = 11FindMinNumber;
			productReference = 114C73D023E6C9DA00BBE415 /* 11FindMinNumber */;
			productType = "com.apple.product-type.tool";
		};
		114C73DA23E70ABA00BBE415 /* 12FindMatrixPath */ = {
			isa = PBXNativeTarget;
			buildConfigurationList = 114C73DF23E70ABA00BBE415 /* Build configuration list for PBXNativeTarget "12FindMatrixPath" */;
			buildPhases = (
				114C73D723E70ABA00BBE415 /* Sources */,
				114C73D823E70ABA00BBE415 /* Frameworks */,
				114C73D923E70ABA00BBE415 /* CopyFiles */,
			);
			buildRules = (
			);
			dependencies = (
			);
			name = 12FindMatrixPath;
			productName = 12FindMatrixPath;
			productReference = 114C73DB23E70ABA00BBE415 /* 12FindMatrixPath */;
			productType = "com.apple.product-type.tool";
		};
		114C73E523E7C5C600BBE415 /* 13RobotArea */ = {
			isa = PBXNativeTarget;
			buildConfigurationList = 114C73EA23E7C5C600BBE415 /* Build configuration list for PBXNativeTarget "13RobotArea" */;
			buildPhases = (
				114C73E223E7C5C600BBE415 /* Sources */,
				114C73E323E7C5C600BBE415 /* Frameworks */,
				114C73E423E7C5C600BBE415 /* CopyFiles */,
			);
			buildRules = (
			);
			dependencies = (
			);
			name = 13RobotArea;
			productName = 13RobotArea;
			productReference = 114C73E623E7C5C600BBE415 /* 13RobotArea */;
			productType = "com.apple.product-type.tool";
		};
		114C73F023E7F64D00BBE415 /* 14CuttingRope */ = {
			isa = PBXNativeTarget;
			buildConfigurationList = 114C73F523E7F64D00BBE415 /* Build configuration list for PBXNativeTarget "14CuttingRope" */;
			buildPhases = (
				114C73ED23E7F64D00BBE415 /* Sources */,
				114C73EE23E7F64D00BBE415 /* Frameworks */,
				114C73EF23E7F64D00BBE415 /* CopyFiles */,
			);
			buildRules = (
			);
			dependencies = (
			);
			name = 14CuttingRope;
			productName = 14CuttingRope;
			productReference = 114C73F123E7F64D00BBE415 /* 14CuttingRope */;
			productType = "com.apple.product-type.tool";
		};
		116C967323E5959D009FD880 /* 8FindTheNextNode */ = {
			isa = PBXNativeTarget;
			buildConfigurationList = 116C967823E5959D009FD880 /* Build configuration list for PBXNativeTarget "8FindTheNextNode" */;
			buildPhases = (
				116C967023E5959D009FD880 /* Sources */,
				116C967123E5959D009FD880 /* Frameworks */,
				116C967223E5959D009FD880 /* CopyFiles */,
			);
			buildRules = (
			);
			dependencies = (
			);
			name = 8FindTheNextNode;
			productName = 8FindTheNextNode;
			productReference = 116C967423E5959D009FD880 /* 8FindTheNextNode */;
			productType = "com.apple.product-type.tool";
		};
		119E8DA123E802FB0079D78D /* 15Binary1 */ = {
			isa = PBXNativeTarget;
			buildConfigurationList = 119E8DA823E802FB0079D78D /* Build configuration list for PBXNativeTarget "15Binary1" */;
			buildPhases = (
				119E8D9E23E802FB0079D78D /* Sources */,
				119E8D9F23E802FB0079D78D /* Frameworks */,
				119E8DA023E802FB0079D78D /* CopyFiles */,
			);
			buildRules = (
			);
			dependencies = (
			);
			name = 15Binary1;
			productName = 15Binary1;
			productReference = 119E8DA223E802FB0079D78D /* 15Binary1 */;
			productType = "com.apple.product-type.tool";
		};
		119E8DAC23E8179B0079D78D /* 16Power */ = {
			isa = PBXNativeTarget;
			buildConfigurationList = 119E8DB123E8179B0079D78D /* Build configuration list for PBXNativeTarget "16Power" */;
			buildPhases = (
				119E8DA923E8179B0079D78D /* Sources */,
				119E8DAA23E8179B0079D78D /* Frameworks */,
				119E8DAB23E8179B0079D78D /* CopyFiles */,
			);
			buildRules = (
			);
			dependencies = (
			);
			name = 16Power;
			productName = 16Power;
			productReference = 119E8DAD23E8179B0079D78D /* 16Power */;
			productType = "com.apple.product-type.tool";
		};
		119E8DB723E93FB10079D78D /* 17Print1ToMaxN */ = {
			isa = PBXNativeTarget;
			buildConfigurationList = 119E8DBC23E93FB10079D78D /* Build configuration list for PBXNativeTarget "17Print1ToMaxN" */;
			buildPhases = (
				119E8DB423E93FB10079D78D /* Sources */,
				119E8DB523E93FB10079D78D /* Frameworks */,
				119E8DB623E93FB10079D78D /* CopyFiles */,
			);
			buildRules = (
			);
			dependencies = (
			);
			name = 17Print1ToMaxN;
			productName = 17Print1ToMaxN;
			productReference = 119E8DB823E93FB10079D78D /* 17Print1ToMaxN */;
			productType = "com.apple.product-type.tool";
		};
		119E8DC223E959830079D78D /* 18LikedList */ = {
			isa = PBXNativeTarget;
			buildConfigurationList = 119E8DC723E959830079D78D /* Build configuration list for PBXNativeTarget "18LikedList" */;
			buildPhases = (
				119E8DBF23E959830079D78D /* Sources */,
				119E8DC023E959830079D78D /* Frameworks */,
				119E8DC123E959830079D78D /* CopyFiles */,
			);
			buildRules = (
			);
			dependencies = (
			);
			name = 18LikedList;
			productName = 18LikedList;
			productReference = 119E8DC323E959830079D78D /* 18LikedList */;
			productType = "com.apple.product-type.tool";
		};
		119E8DCD23E987FB0079D78D /* 19Regex */ = {
			isa = PBXNativeTarget;
			buildConfigurationList = 119E8DD223E987FB0079D78D /* Build configuration list for PBXNativeTarget "19Regex" */;
			buildPhases = (
				119E8DCA23E987FB0079D78D /* Sources */,
				119E8DCB23E987FB0079D78D /* Frameworks */,
				119E8DCC23E987FB0079D78D /* CopyFiles */,
			);
			buildRules = (
			);
			dependencies = (
			);
			name = 19Regex;
			productName = 19Regex;
			productReference = 119E8DCE23E987FB0079D78D /* 19Regex */;
			productType = "com.apple.product-type.tool";
		};
		119E8DD823E99CD60079D78D /* 20lala */ = {
			isa = PBXNativeTarget;
			buildConfigurationList = 119E8DDD23E99CD60079D78D /* Build configuration list for PBXNativeTarget "20lala" */;
			buildPhases = (
				119E8DD523E99CD60079D78D /* Sources */,
				119E8DD623E99CD60079D78D /* Frameworks */,
				119E8DD723E99CD60079D78D /* CopyFiles */,
			);
			buildRules = (
			);
			dependencies = (
			);
			name = 20lala;
			productName = 20lala;
			productReference = 119E8DD923E99CD60079D78D /* 20lala */;
			productType = "com.apple.product-type.tool";
		};
		119E8DE323EA8A800079D78D /* 20StringIsDigit */ = {
			isa = PBXNativeTarget;
			buildConfigurationList = 119E8DE823EA8A800079D78D /* Build configuration list for PBXNativeTarget "20StringIsDigit" */;
			buildPhases = (
				119E8DE023EA8A800079D78D /* Sources */,
				119E8DE123EA8A800079D78D /* Frameworks */,
				119E8DE223EA8A800079D78D /* CopyFiles */,
			);
			buildRules = (
			);
			dependencies = (
			);
			name = 20StringIsDigit;
			productName = 20StringIsDigit;
			productReference = 119E8DE423EA8A800079D78D /* 20StringIsDigit */;
			productType = "com.apple.product-type.tool";
		};
		119E8DEE23EA996A0079D78D /* 21OrderNumbers */ = {
			isa = PBXNativeTarget;
			buildConfigurationList = 119E8DF323EA996A0079D78D /* Build configuration list for PBXNativeTarget "21OrderNumbers" */;
			buildPhases = (
				119E8DEB23EA996A0079D78D /* Sources */,
				119E8DEC23EA996A0079D78D /* Frameworks */,
				119E8DED23EA996A0079D78D /* CopyFiles */,
			);
			buildRules = (
			);
			dependencies = (
			);
			name = 21OrderNumbers;
			productName = 21OrderNumbers;
			productReference = 119E8DEF23EA996A0079D78D /* 21OrderNumbers */;
			productType = "com.apple.product-type.tool";
		};
		119E8DF923EABB110079D78D /* 22LinkedListKNode */ = {
			isa = PBXNativeTarget;
			buildConfigurationList = 119E8DFE23EABB110079D78D /* Build configuration list for PBXNativeTarget "22LinkedListKNode" */;
			buildPhases = (
				119E8DF623EABB110079D78D /* Sources */,
				119E8DF723EABB110079D78D /* Frameworks */,
				119E8DF823EABB110079D78D /* CopyFiles */,
			);
			buildRules = (
			);
			dependencies = (
			);
			name = 22LinkedListKNode;
			productName = 22LinkedListKNode;
			productReference = 119E8DFA23EABB110079D78D /* 22LinkedListKNode */;
			productType = "com.apple.product-type.tool";
		};
		119E8E0723EABD4C0079D78D /* 23LinkedListCirclePoint */ = {
			isa = PBXNativeTarget;
			buildConfigurationList = 119E8E0C23EABD4C0079D78D /* Build configuration list for PBXNativeTarget "23LinkedListCirclePoint" */;
			buildPhases = (
				119E8E0423EABD4C0079D78D /* Sources */,
				119E8E0523EABD4C0079D78D /* Frameworks */,
				119E8E0623EABD4C0079D78D /* CopyFiles */,
			);
			buildRules = (
			);
			dependencies = (
			);
			name = 23LinkedListCirclePoint;
			productName = 23LinkedListCirclePoint;
			productReference = 119E8E0823EABD4C0079D78D /* 23LinkedListCirclePoint */;
			productType = "com.apple.product-type.tool";
		};
		11E5E51223EAE941005991E8 /* 25LinkedListMerge */ = {
			isa = PBXNativeTarget;
			buildConfigurationList = 11E5E51723EAE941005991E8 /* Build configuration list for PBXNativeTarget "25LinkedListMerge" */;
			buildPhases = (
				11E5E50F23EAE941005991E8 /* Sources */,
				11E5E51023EAE941005991E8 /* Frameworks */,
				11E5E51123EAE941005991E8 /* CopyFiles */,
			);
			buildRules = (
			);
			dependencies = (
			);
			name = 25LinkedListMerge;
			productName = 25LinkedListMerge;
			productReference = 11E5E51323EAE941005991E8 /* 25LinkedListMerge */;
			productType = "com.apple.product-type.tool";
		};
		11E5E52023EAEDDD005991E8 /* 26BinaryTreeSubtree */ = {
			isa = PBXNativeTarget;
			buildConfigurationList = 11E5E52523EAEDDD005991E8 /* Build configuration list for PBXNativeTarget "26BinaryTreeSubtree" */;
			buildPhases = (
				11E5E51D23EAEDDD005991E8 /* Sources */,
				11E5E51E23EAEDDD005991E8 /* Frameworks */,
				11E5E51F23EAEDDD005991E8 /* CopyFiles */,
			);
			buildRules = (
			);
			dependencies = (
			);
			name = 26BinaryTreeSubtree;
			productName = 26BinaryTreeSubtree;
			productReference = 11E5E52123EAEDDD005991E8 /* 26BinaryTreeSubtree */;
			productType = "com.apple.product-type.tool";
		};
		11E5E55B23EBE017005991E8 /* 27BinaryTreeMirror */ = {
			isa = PBXNativeTarget;
			buildConfigurationList = 11E5E56223EBE017005991E8 /* Build configuration list for PBXNativeTarget "27BinaryTreeMirror" */;
			buildPhases = (
				11E5E55823EBE017005991E8 /* Sources */,
				11E5E55923EBE017005991E8 /* Frameworks */,
				11E5E55A23EBE017005991E8 /* CopyFiles */,
			);
			buildRules = (
			);
			dependencies = (
			);
			name = 27BinaryTreeMirror;
			productName = 27BinaryTreeMirror;
			productReference = 11E5E55C23EBE017005991E8 /* 27BinaryTreeMirror */;
			productType = "com.apple.product-type.tool";
		};
		11F819A023E3C33F007FD1BD /* AlgorithmsForOffer */ = {
			isa = PBXNativeTarget;
			buildConfigurationList = 11F819A823E3C340007FD1BD /* Build configuration list for PBXNativeTarget "AlgorithmsForOffer" */;
			buildPhases = (
				11F8199D23E3C33F007FD1BD /* Sources */,
				11F8199E23E3C33F007FD1BD /* Frameworks */,
				11F8199F23E3C33F007FD1BD /* CopyFiles */,
			);
			buildRules = (
			);
			dependencies = (
			);
			name = AlgorithmsForOffer;
			productName = AlgorithmsTest;
			productReference = 11F819A123E3C340007FD1BD /* AlgorithmsForOffer */;
			productType = "com.apple.product-type.tool";
		};
		11F819AE23E3D029007FD1BD /* 3RepeatNum */ = {
			isa = PBXNativeTarget;
			buildConfigurationList = 11F819B323E3D029007FD1BD /* Build configuration list for PBXNativeTarget "3RepeatNum" */;
			buildPhases = (
				11F819AB23E3D029007FD1BD /* Sources */,
				11F819AC23E3D029007FD1BD /* Frameworks */,
				11F819AD23E3D029007FD1BD /* CopyFiles */,
			);
			buildRules = (
			);
			dependencies = (
			);
			name = 3RepeatNum;
			productName = 3RepeatNum;
			productReference = 11F819AF23E3D029007FD1BD /* 3RepeatNum */;
			productType = "com.apple.product-type.tool";
		};
		11F819B923E3EF5A007FD1BD /* 4MatrixArray */ = {
			isa = PBXNativeTarget;
			buildConfigurationList = 11F819BE23E3EF5A007FD1BD /* Build configuration list for PBXNativeTarget "4MatrixArray" */;
			buildPhases = (
				11F819B623E3EF5A007FD1BD /* Sources */,
				11F819B723E3EF5A007FD1BD /* Frameworks */,
				11F819B823E3EF5A007FD1BD /* CopyFiles */,
			);
			buildRules = (
			);
			dependencies = (
			);
			name = 4MatrixArray;
			productName = 4MatrixArray;
			productReference = 11F819BA23E3EF5A007FD1BD /* 4MatrixArray */;
			productType = "com.apple.product-type.tool";
		};
		11F819C423E4002C007FD1BD /* 5ReplaceBlank */ = {
			isa = PBXNativeTarget;
			buildConfigurationList = 11F819C923E4002C007FD1BD /* Build configuration list for PBXNativeTarget "5ReplaceBlank" */;
			buildPhases = (
				11F819C123E4002C007FD1BD /* Sources */,
				11F819C223E4002C007FD1BD /* Frameworks */,
				11F819C323E4002C007FD1BD /* CopyFiles */,
			);
			buildRules = (
			);
			dependencies = (
			);
			name = 5ReplaceBlank;
			productName = 5ReplaceBlank;
			productReference = 11F819C523E4002C007FD1BD /* 5ReplaceBlank */;
			productType = "com.apple.product-type.tool";
		};
		11F819CF23E44AD7007FD1BD /* 6PrintLinkedList */ = {
			isa = PBXNativeTarget;
			buildConfigurationList = 11F819D423E44AD7007FD1BD /* Build configuration list for PBXNativeTarget "6PrintLinkedList" */;
			buildPhases = (
				11F819CC23E44AD7007FD1BD /* Sources */,
				11F819CD23E44AD7007FD1BD /* Frameworks */,
				11F819CE23E44AD7007FD1BD /* CopyFiles */,
			);
			buildRules = (
			);
			dependencies = (
			);
			name = 6PrintLinkedList;
			productName = 6PrintLinkedList;
			productReference = 11F819D023E44AD7007FD1BD /* 6PrintLinkedList */;
			productType = "com.apple.product-type.tool";
		};
		11F819DA23E486B2007FD1BD /* 7RebuildBinaryTree */ = {
			isa = PBXNativeTarget;
			buildConfigurationList = 11F819E123E486B2007FD1BD /* Build configuration list for PBXNativeTarget "7RebuildBinaryTree" */;
			buildPhases = (
				11F819D723E486B2007FD1BD /* Sources */,
				11F819D823E486B2007FD1BD /* Frameworks */,
				11F819D923E486B2007FD1BD /* CopyFiles */,
			);
			buildRules = (
			);
			dependencies = (
			);
			name = 7RebuildBinaryTree;
			productName = 7RebuildBinaryTree;
			productReference = 11F819DB23E486B2007FD1BD /* 7RebuildBinaryTree */;
			productType = "com.apple.product-type.tool";
		};
/* End PBXNativeTarget section */

/* Begin PBXProject section */
		11F8199923E3C33F007FD1BD /* Project object */ = {
			isa = PBXProject;
			attributes = {
				LastSwiftUpdateCheck = 1130;
				LastUpgradeCheck = 1130;
				ORGANIZATIONNAME = "April Yang";
				TargetAttributes = {
					111EDDAB23EABEA700F1F473 = {
						CreatedOnToolsVersion = 11.3.1;
					};
					114C73B923E69B6700BBE415 = {
						CreatedOnToolsVersion = 11.3.1;
					};
					114C73C423E6B81700BBE415 = {
						CreatedOnToolsVersion = 11.3.1;
					};
					114C73CF23E6C9DA00BBE415 = {
						CreatedOnToolsVersion = 11.3.1;
					};
					114C73DA23E70ABA00BBE415 = {
						CreatedOnToolsVersion = 11.3.1;
					};
					114C73E523E7C5C600BBE415 = {
						CreatedOnToolsVersion = 11.3.1;
					};
					114C73F023E7F64D00BBE415 = {
						CreatedOnToolsVersion = 11.3.1;
					};
					116C967323E5959D009FD880 = {
						CreatedOnToolsVersion = 11.3.1;
					};
					119E8DA123E802FB0079D78D = {
						CreatedOnToolsVersion = 11.3.1;
					};
					119E8DAC23E8179B0079D78D = {
						CreatedOnToolsVersion = 11.3.1;
					};
					119E8DB723E93FB10079D78D = {
						CreatedOnToolsVersion = 11.3.1;
					};
					119E8DC223E959830079D78D = {
						CreatedOnToolsVersion = 11.3.1;
					};
					119E8DCD23E987FB0079D78D = {
						CreatedOnToolsVersion = 11.3.1;
					};
					119E8DD823E99CD60079D78D = {
						CreatedOnToolsVersion = 11.3.1;
					};
					119E8DE323EA8A800079D78D = {
						CreatedOnToolsVersion = 11.3.1;
					};
					119E8DEE23EA996A0079D78D = {
						CreatedOnToolsVersion = 11.3.1;
					};
					119E8DF923EABB110079D78D = {
						CreatedOnToolsVersion = 11.3.1;
					};
					119E8E0723EABD4C0079D78D = {
						CreatedOnToolsVersion = 11.3.1;
					};
					11E5E51223EAE941005991E8 = {
						CreatedOnToolsVersion = 11.3.1;
					};
					11E5E52023EAEDDD005991E8 = {
						CreatedOnToolsVersion = 11.3.1;
					};
					11E5E55B23EBE017005991E8 = {
						CreatedOnToolsVersion = 11.3.1;
					};
					11F819A023E3C33F007FD1BD = {
						CreatedOnToolsVersion = 11.3.1;
					};
					11F819AE23E3D029007FD1BD = {
						CreatedOnToolsVersion = 11.3.1;
					};
					11F819B923E3EF5A007FD1BD = {
						CreatedOnToolsVersion = 11.3.1;
					};
					11F819C423E4002C007FD1BD = {
						CreatedOnToolsVersion = 11.3.1;
					};
					11F819CF23E44AD7007FD1BD = {
						CreatedOnToolsVersion = 11.3.1;
					};
					11F819DA23E486B2007FD1BD = {
						CreatedOnToolsVersion = 11.3.1;
					};
				};
			};
			buildConfigurationList = 11F8199C23E3C33F007FD1BD /* Build configuration list for PBXProject "AlgorithmsForOffer" */;
			compatibilityVersion = "Xcode 9.3";
			developmentRegion = en;
			hasScannedForEncodings = 0;
			knownRegions = (
				en,
				Base,
			);
			mainGroup = 11F8199823E3C33F007FD1BD;
			productRefGroup = 11F819A223E3C340007FD1BD /* Products */;
			projectDirPath = "";
			projectRoot = "";
			targets = (
				11F819A023E3C33F007FD1BD /* AlgorithmsForOffer */,
				11F819AE23E3D029007FD1BD /* 3RepeatNum */,
				11F819B923E3EF5A007FD1BD /* 4MatrixArray */,
				11F819C423E4002C007FD1BD /* 5ReplaceBlank */,
				11F819CF23E44AD7007FD1BD /* 6PrintLinkedList */,
				11F819DA23E486B2007FD1BD /* 7RebuildBinaryTree */,
				116C967323E5959D009FD880 /* 8FindTheNextNode */,
				114C73B923E69B6700BBE415 /* 9StackToQueue */,
				114C73C423E6B81700BBE415 /* 10Fibonacci */,
				114C73CF23E6C9DA00BBE415 /* 11FindMinNumber */,
				114C73DA23E70ABA00BBE415 /* 12FindMatrixPath */,
				114C73E523E7C5C600BBE415 /* 13RobotArea */,
				114C73F023E7F64D00BBE415 /* 14CuttingRope */,
				119E8DA123E802FB0079D78D /* 15Binary1 */,
				119E8DAC23E8179B0079D78D /* 16Power */,
				119E8DB723E93FB10079D78D /* 17Print1ToMaxN */,
				119E8DC223E959830079D78D /* 18LikedList */,
				119E8DCD23E987FB0079D78D /* 19Regex */,
				119E8DD823E99CD60079D78D /* 20lala */,
				119E8DE323EA8A800079D78D /* 20StringIsDigit */,
				119E8DEE23EA996A0079D78D /* 21OrderNumbers */,
				119E8DF923EABB110079D78D /* 22LinkedListKNode */,
				119E8E0723EABD4C0079D78D /* 23LinkedListCirclePoint */,
				111EDDAB23EABEA700F1F473 /* 24LinkListRevesed */,
				11E5E51223EAE941005991E8 /* 25LinkedListMerge */,
				11E5E52023EAEDDD005991E8 /* 26BinaryTreeSubtree */,
				11E5E55B23EBE017005991E8 /* 27BinaryTreeMirror */,
			);
		};
/* End PBXProject section */

/* Begin PBXSourcesBuildPhase section */
		111EDDA823EABEA700F1F473 /* Sources */ = {
			isa = PBXSourcesBuildPhase;
			buildActionMask = 2147483647;
			files = (
				11E5E50E23EAE619005991E8 /* LinkedList.cpp in Sources */,
				111EDDAF23EABEA700F1F473 /* main.cpp in Sources */,
			);
			runOnlyForDeploymentPostprocessing = 0;
		};
		114C73B623E69B6700BBE415 /* Sources */ = {
			isa = PBXSourcesBuildPhase;
			buildActionMask = 2147483647;
			files = (
				114C73BD23E69B6700BBE415 /* main.cpp in Sources */,
			);
			runOnlyForDeploymentPostprocessing = 0;
		};
		114C73C123E6B81700BBE415 /* Sources */ = {
			isa = PBXSourcesBuildPhase;
			buildActionMask = 2147483647;
			files = (
				114C73C823E6B81700BBE415 /* main.cpp in Sources */,
			);
			runOnlyForDeploymentPostprocessing = 0;
		};
		114C73CC23E6C9DA00BBE415 /* Sources */ = {
			isa = PBXSourcesBuildPhase;
			buildActionMask = 2147483647;
			files = (
				114C73D323E6C9DA00BBE415 /* main.cpp in Sources */,
			);
			runOnlyForDeploymentPostprocessing = 0;
		};
		114C73D723E70ABA00BBE415 /* Sources */ = {
			isa = PBXSourcesBuildPhase;
			buildActionMask = 2147483647;
			files = (
				114C73DE23E70ABA00BBE415 /* main.cpp in Sources */,
			);
			runOnlyForDeploymentPostprocessing = 0;
		};
		114C73E223E7C5C600BBE415 /* Sources */ = {
			isa = PBXSourcesBuildPhase;
			buildActionMask = 2147483647;
			files = (
				114C73E923E7C5C600BBE415 /* main.cpp in Sources */,
			);
			runOnlyForDeploymentPostprocessing = 0;
		};
		114C73ED23E7F64D00BBE415 /* Sources */ = {
			isa = PBXSourcesBuildPhase;
			buildActionMask = 2147483647;
			files = (
				114C73F423E7F64D00BBE415 /* main.cpp in Sources */,
			);
			runOnlyForDeploymentPostprocessing = 0;
		};
		116C967023E5959D009FD880 /* Sources */ = {
			isa = PBXSourcesBuildPhase;
			buildActionMask = 2147483647;
			files = (
				116C967D23E59655009FD880 /* BinaryTreeAdvanced.cpp in Sources */,
				116C967723E5959D009FD880 /* main.cpp in Sources */,
			);
			runOnlyForDeploymentPostprocessing = 0;
		};
		119E8D9E23E802FB0079D78D /* Sources */ = {
			isa = PBXSourcesBuildPhase;
			buildActionMask = 2147483647;
			files = (
				119E8DA523E802FB0079D78D /* main.cpp in Sources */,
			);
			runOnlyForDeploymentPostprocessing = 0;
		};
		119E8DA923E8179B0079D78D /* Sources */ = {
			isa = PBXSourcesBuildPhase;
			buildActionMask = 2147483647;
			files = (
				119E8DB023E8179B0079D78D /* main.cpp in Sources */,
			);
			runOnlyForDeploymentPostprocessing = 0;
		};
		119E8DB423E93FB10079D78D /* Sources */ = {
			isa = PBXSourcesBuildPhase;
			buildActionMask = 2147483647;
			files = (
				119E8DBB23E93FB10079D78D /* main.cpp in Sources */,
			);
			runOnlyForDeploymentPostprocessing = 0;
		};
		119E8DBF23E959830079D78D /* Sources */ = {
			isa = PBXSourcesBuildPhase;
			buildActionMask = 2147483647;
			files = (
				119E8DC623E959830079D78D /* main.cpp in Sources */,
			);
			runOnlyForDeploymentPostprocessing = 0;
		};
		119E8DCA23E987FB0079D78D /* Sources */ = {
			isa = PBXSourcesBuildPhase;
			buildActionMask = 2147483647;
			files = (
				119E8DD123E987FB0079D78D /* main.cpp in Sources */,
			);
			runOnlyForDeploymentPostprocessing = 0;
		};
		119E8DD523E99CD60079D78D /* Sources */ = {
			isa = PBXSourcesBuildPhase;
			buildActionMask = 2147483647;
			files = (
			);
			runOnlyForDeploymentPostprocessing = 0;
		};
		119E8DE023EA8A800079D78D /* Sources */ = {
			isa = PBXSourcesBuildPhase;
			buildActionMask = 2147483647;
			files = (
				119E8DE723EA8A800079D78D /* main.cpp in Sources */,
			);
			runOnlyForDeploymentPostprocessing = 0;
		};
		119E8DEB23EA996A0079D78D /* Sources */ = {
			isa = PBXSourcesBuildPhase;
			buildActionMask = 2147483647;
			files = (
				119E8DF223EA996A0079D78D /* main.cpp in Sources */,
			);
			runOnlyForDeploymentPostprocessing = 0;
		};
		119E8DF623EABB110079D78D /* Sources */ = {
			isa = PBXSourcesBuildPhase;
			buildActionMask = 2147483647;
			files = (
				119E8E0323EABC980079D78D /* LinkedList.cpp in Sources */,
				119E8DFD23EABB110079D78D /* main.cpp in Sources */,
			);
			runOnlyForDeploymentPostprocessing = 0;
		};
		119E8E0423EABD4C0079D78D /* Sources */ = {
			isa = PBXSourcesBuildPhase;
			buildActionMask = 2147483647;
			files = (
				119357F623EAC83F005E443B /* LinkedList.cpp in Sources */,
				119E8E0B23EABD4C0079D78D /* main.cpp in Sources */,
			);
			runOnlyForDeploymentPostprocessing = 0;
		};
		11E5E50F23EAE941005991E8 /* Sources */ = {
			isa = PBXSourcesBuildPhase;
			buildActionMask = 2147483647;
			files = (
				11E5E51C23EAEA19005991E8 /* LinkedList.cpp in Sources */,
				11E5E51623EAE941005991E8 /* main.cpp in Sources */,
			);
			runOnlyForDeploymentPostprocessing = 0;
		};
		11E5E51D23EAEDDD005991E8 /* Sources */ = {
			isa = PBXSourcesBuildPhase;
			buildActionMask = 2147483647;
			files = (
				11E5E52A23EAEE18005991E8 /* BinaryTree.cpp in Sources */,
				11E5E52423EAEDDD005991E8 /* main.cpp in Sources */,
			);
			runOnlyForDeploymentPostprocessing = 0;
		};
		11E5E55823EBE017005991E8 /* Sources */ = {
			isa = PBXSourcesBuildPhase;
			buildActionMask = 2147483647;
			files = (
				11E5E56723EBE08E005991E8 /* BinaryTree.cpp in Sources */,
				11E5E56423EBE04C005991E8 /* main.cpp in Sources */,
			);
			runOnlyForDeploymentPostprocessing = 0;
		};
		11F8199D23E3C33F007FD1BD /* Sources */ = {
			isa = PBXSourcesBuildPhase;
			buildActionMask = 2147483647;
			files = (
				11F819A523E3C340007FD1BD /* main.cpp in Sources */,
			);
			runOnlyForDeploymentPostprocessing = 0;
		};
		11F819AB23E3D029007FD1BD /* Sources */ = {
			isa = PBXSourcesBuildPhase;
			buildActionMask = 2147483647;
			files = (
				11F819B223E3D029007FD1BD /* main.cpp in Sources */,
			);
			runOnlyForDeploymentPostprocessing = 0;
		};
		11F819B623E3EF5A007FD1BD /* Sources */ = {
			isa = PBXSourcesBuildPhase;
			buildActionMask = 2147483647;
			files = (
				11F819BD23E3EF5A007FD1BD /* main.cpp in Sources */,
			);
			runOnlyForDeploymentPostprocessing = 0;
		};
		11F819C123E4002C007FD1BD /* Sources */ = {
			isa = PBXSourcesBuildPhase;
			buildActionMask = 2147483647;
			files = (
				11F819C823E4002C007FD1BD /* main.cpp in Sources */,
			);
			runOnlyForDeploymentPostprocessing = 0;
		};
		11F819CC23E44AD7007FD1BD /* Sources */ = {
			isa = PBXSourcesBuildPhase;
			buildActionMask = 2147483647;
			files = (
				11F819D323E44AD7007FD1BD /* main.cpp in Sources */,
			);
			runOnlyForDeploymentPostprocessing = 0;
		};
		11F819D723E486B2007FD1BD /* Sources */ = {
			isa = PBXSourcesBuildPhase;
			buildActionMask = 2147483647;
			files = (
				116C966F23E5656D009FD880 /* BinaryTree.cpp in Sources */,
				11F819DE23E486B2007FD1BD /* main.cpp in Sources */,
			);
			runOnlyForDeploymentPostprocessing = 0;
		};
/* End PBXSourcesBuildPhase section */

/* Begin XCBuildConfiguration section */
		111EDDB023EABEA700F1F473 /* Debug */ = {
			isa = XCBuildConfiguration;
			buildSettings = {
				CODE_SIGN_STYLE = Automatic;
				DEVELOPMENT_TEAM = K8JX55NZQ5;
				ENABLE_HARDENED_RUNTIME = YES;
				PRODUCT_NAME = "$(TARGET_NAME)";
			};
			name = Debug;
		};
		111EDDB123EABEA700F1F473 /* Release */ = {
			isa = XCBuildConfiguration;
			buildSettings = {
				CODE_SIGN_STYLE = Automatic;
				DEVELOPMENT_TEAM = K8JX55NZQ5;
				ENABLE_HARDENED_RUNTIME = YES;
				PRODUCT_NAME = "$(TARGET_NAME)";
			};
			name = Release;
		};
		114C73BE23E69B6700BBE415 /* Debug */ = {
			isa = XCBuildConfiguration;
			buildSettings = {
				CODE_SIGN_STYLE = Automatic;
				DEVELOPMENT_TEAM = K8JX55NZQ5;
				ENABLE_HARDENED_RUNTIME = YES;
				PRODUCT_NAME = "$(TARGET_NAME)";
			};
			name = Debug;
		};
		114C73BF23E69B6700BBE415 /* Release */ = {
			isa = XCBuildConfiguration;
			buildSettings = {
				CODE_SIGN_STYLE = Automatic;
				DEVELOPMENT_TEAM = K8JX55NZQ5;
				ENABLE_HARDENED_RUNTIME = YES;
				PRODUCT_NAME = "$(TARGET_NAME)";
			};
			name = Release;
		};
		114C73CA23E6B81700BBE415 /* Debug */ = {
			isa = XCBuildConfiguration;
			buildSettings = {
				CODE_SIGN_STYLE = Automatic;
				DEVELOPMENT_TEAM = K8JX55NZQ5;
				ENABLE_HARDENED_RUNTIME = YES;
				PRODUCT_NAME = "$(TARGET_NAME)";
			};
			name = Debug;
		};
		114C73CB23E6B81700BBE415 /* Release */ = {
			isa = XCBuildConfiguration;
			buildSettings = {
				CODE_SIGN_STYLE = Automatic;
				DEVELOPMENT_TEAM = K8JX55NZQ5;
				ENABLE_HARDENED_RUNTIME = YES;
				PRODUCT_NAME = "$(TARGET_NAME)";
			};
			name = Release;
		};
		114C73D523E6C9DA00BBE415 /* Debug */ = {
			isa = XCBuildConfiguration;
			buildSettings = {
				CODE_SIGN_STYLE = Automatic;
				DEVELOPMENT_TEAM = K8JX55NZQ5;
				ENABLE_HARDENED_RUNTIME = YES;
				PRODUCT_NAME = "$(TARGET_NAME)";
			};
			name = Debug;
		};
		114C73D623E6C9DA00BBE415 /* Release */ = {
			isa = XCBuildConfiguration;
			buildSettings = {
				CODE_SIGN_STYLE = Automatic;
				DEVELOPMENT_TEAM = K8JX55NZQ5;
				ENABLE_HARDENED_RUNTIME = YES;
				PRODUCT_NAME = "$(TARGET_NAME)";
			};
			name = Release;
		};
		114C73E023E70ABA00BBE415 /* Debug */ = {
			isa = XCBuildConfiguration;
			buildSettings = {
				CODE_SIGN_STYLE = Automatic;
				DEVELOPMENT_TEAM = K8JX55NZQ5;
				ENABLE_HARDENED_RUNTIME = YES;
				PRODUCT_NAME = "$(TARGET_NAME)";
			};
			name = Debug;
		};
		114C73E123E70ABA00BBE415 /* Release */ = {
			isa = XCBuildConfiguration;
			buildSettings = {
				CODE_SIGN_STYLE = Automatic;
				DEVELOPMENT_TEAM = K8JX55NZQ5;
				ENABLE_HARDENED_RUNTIME = YES;
				PRODUCT_NAME = "$(TARGET_NAME)";
			};
			name = Release;
		};
		114C73EB23E7C5C600BBE415 /* Debug */ = {
			isa = XCBuildConfiguration;
			buildSettings = {
				CODE_SIGN_STYLE = Automatic;
				DEVELOPMENT_TEAM = K8JX55NZQ5;
				ENABLE_HARDENED_RUNTIME = YES;
				PRODUCT_NAME = "$(TARGET_NAME)";
			};
			name = Debug;
		};
		114C73EC23E7C5C600BBE415 /* Release */ = {
			isa = XCBuildConfiguration;
			buildSettings = {
				CODE_SIGN_STYLE = Automatic;
				DEVELOPMENT_TEAM = K8JX55NZQ5;
				ENABLE_HARDENED_RUNTIME = YES;
				PRODUCT_NAME = "$(TARGET_NAME)";
			};
			name = Release;
		};
		114C73F623E7F64D00BBE415 /* Debug */ = {
			isa = XCBuildConfiguration;
			buildSettings = {
				CODE_SIGN_STYLE = Automatic;
				DEVELOPMENT_TEAM = K8JX55NZQ5;
				ENABLE_HARDENED_RUNTIME = YES;
				PRODUCT_NAME = "$(TARGET_NAME)";
			};
			name = Debug;
		};
		114C73F723E7F64D00BBE415 /* Release */ = {
			isa = XCBuildConfiguration;
			buildSettings = {
				CODE_SIGN_STYLE = Automatic;
				DEVELOPMENT_TEAM = K8JX55NZQ5;
				ENABLE_HARDENED_RUNTIME = YES;
				PRODUCT_NAME = "$(TARGET_NAME)";
			};
			name = Release;
		};
		116C967923E5959D009FD880 /* Debug */ = {
			isa = XCBuildConfiguration;
			buildSettings = {
				CODE_SIGN_STYLE = Automatic;
				DEVELOPMENT_TEAM = K8JX55NZQ5;
				ENABLE_HARDENED_RUNTIME = YES;
				PRODUCT_NAME = "$(TARGET_NAME)";
			};
			name = Debug;
		};
		116C967A23E5959D009FD880 /* Release */ = {
			isa = XCBuildConfiguration;
			buildSettings = {
				CODE_SIGN_STYLE = Automatic;
				DEVELOPMENT_TEAM = K8JX55NZQ5;
				ENABLE_HARDENED_RUNTIME = YES;
				PRODUCT_NAME = "$(TARGET_NAME)";
			};
			name = Release;
		};
		119E8DA623E802FB0079D78D /* Debug */ = {
			isa = XCBuildConfiguration;
			buildSettings = {
				CODE_SIGN_STYLE = Automatic;
				DEVELOPMENT_TEAM = K8JX55NZQ5;
				ENABLE_HARDENED_RUNTIME = YES;
				PRODUCT_NAME = "$(TARGET_NAME)";
			};
			name = Debug;
		};
		119E8DA723E802FB0079D78D /* Release */ = {
			isa = XCBuildConfiguration;
			buildSettings = {
				CODE_SIGN_STYLE = Automatic;
				DEVELOPMENT_TEAM = K8JX55NZQ5;
				ENABLE_HARDENED_RUNTIME = YES;
				PRODUCT_NAME = "$(TARGET_NAME)";
			};
			name = Release;
		};
		119E8DB223E8179B0079D78D /* Debug */ = {
			isa = XCBuildConfiguration;
			buildSettings = {
				CODE_SIGN_STYLE = Automatic;
				DEVELOPMENT_TEAM = K8JX55NZQ5;
				ENABLE_HARDENED_RUNTIME = YES;
				PRODUCT_NAME = "$(TARGET_NAME)";
			};
			name = Debug;
		};
		119E8DB323E8179B0079D78D /* Release */ = {
			isa = XCBuildConfiguration;
			buildSettings = {
				CODE_SIGN_STYLE = Automatic;
				DEVELOPMENT_TEAM = K8JX55NZQ5;
				ENABLE_HARDENED_RUNTIME = YES;
				PRODUCT_NAME = "$(TARGET_NAME)";
			};
			name = Release;
		};
		119E8DBD23E93FB10079D78D /* Debug */ = {
			isa = XCBuildConfiguration;
			buildSettings = {
				CODE_SIGN_STYLE = Automatic;
				DEVELOPMENT_TEAM = K8JX55NZQ5;
				ENABLE_HARDENED_RUNTIME = YES;
				PRODUCT_NAME = "$(TARGET_NAME)";
			};
			name = Debug;
		};
		119E8DBE23E93FB10079D78D /* Release */ = {
			isa = XCBuildConfiguration;
			buildSettings = {
				CODE_SIGN_STYLE = Automatic;
				DEVELOPMENT_TEAM = K8JX55NZQ5;
				ENABLE_HARDENED_RUNTIME = YES;
				PRODUCT_NAME = "$(TARGET_NAME)";
			};
			name = Release;
		};
		119E8DC823E959830079D78D /* Debug */ = {
			isa = XCBuildConfiguration;
			buildSettings = {
				CODE_SIGN_STYLE = Automatic;
				DEVELOPMENT_TEAM = K8JX55NZQ5;
				ENABLE_HARDENED_RUNTIME = YES;
				PRODUCT_NAME = "$(TARGET_NAME)";
			};
			name = Debug;
		};
		119E8DC923E959830079D78D /* Release */ = {
			isa = XCBuildConfiguration;
			buildSettings = {
				CODE_SIGN_STYLE = Automatic;
				DEVELOPMENT_TEAM = K8JX55NZQ5;
				ENABLE_HARDENED_RUNTIME = YES;
				PRODUCT_NAME = "$(TARGET_NAME)";
			};
			name = Release;
		};
		119E8DD323E987FB0079D78D /* Debug */ = {
			isa = XCBuildConfiguration;
			buildSettings = {
				CODE_SIGN_STYLE = Automatic;
				DEVELOPMENT_TEAM = K8JX55NZQ5;
				ENABLE_HARDENED_RUNTIME = YES;
				PRODUCT_NAME = "$(TARGET_NAME)";
			};
			name = Debug;
		};
		119E8DD423E987FB0079D78D /* Release */ = {
			isa = XCBuildConfiguration;
			buildSettings = {
				CODE_SIGN_STYLE = Automatic;
				DEVELOPMENT_TEAM = K8JX55NZQ5;
				ENABLE_HARDENED_RUNTIME = YES;
				PRODUCT_NAME = "$(TARGET_NAME)";
			};
			name = Release;
		};
		119E8DDE23E99CD60079D78D /* Debug */ = {
			isa = XCBuildConfiguration;
			buildSettings = {
				CODE_SIGN_STYLE = Automatic;
				DEVELOPMENT_TEAM = K8JX55NZQ5;
				ENABLE_HARDENED_RUNTIME = YES;
				PRODUCT_NAME = "$(TARGET_NAME)";
			};
			name = Debug;
		};
		119E8DDF23E99CD60079D78D /* Release */ = {
			isa = XCBuildConfiguration;
			buildSettings = {
				CODE_SIGN_STYLE = Automatic;
				DEVELOPMENT_TEAM = K8JX55NZQ5;
				ENABLE_HARDENED_RUNTIME = YES;
				PRODUCT_NAME = "$(TARGET_NAME)";
			};
			name = Release;
		};
		119E8DE923EA8A800079D78D /* Debug */ = {
			isa = XCBuildConfiguration;
			buildSettings = {
				CODE_SIGN_STYLE = Automatic;
				DEVELOPMENT_TEAM = K8JX55NZQ5;
				ENABLE_HARDENED_RUNTIME = YES;
				PRODUCT_NAME = "$(TARGET_NAME)";
			};
			name = Debug;
		};
		119E8DEA23EA8A800079D78D /* Release */ = {
			isa = XCBuildConfiguration;
			buildSettings = {
				CODE_SIGN_STYLE = Automatic;
				DEVELOPMENT_TEAM = K8JX55NZQ5;
				ENABLE_HARDENED_RUNTIME = YES;
				PRODUCT_NAME = "$(TARGET_NAME)";
			};
			name = Release;
		};
		119E8DF423EA996A0079D78D /* Debug */ = {
			isa = XCBuildConfiguration;
			buildSettings = {
				CODE_SIGN_STYLE = Automatic;
				DEVELOPMENT_TEAM = K8JX55NZQ5;
				ENABLE_HARDENED_RUNTIME = YES;
				PRODUCT_NAME = "$(TARGET_NAME)";
			};
			name = Debug;
		};
		119E8DF523EA996A0079D78D /* Release */ = {
			isa = XCBuildConfiguration;
			buildSettings = {
				CODE_SIGN_STYLE = Automatic;
				DEVELOPMENT_TEAM = K8JX55NZQ5;
				ENABLE_HARDENED_RUNTIME = YES;
				PRODUCT_NAME = "$(TARGET_NAME)";
			};
			name = Release;
		};
		119E8DFF23EABB110079D78D /* Debug */ = {
			isa = XCBuildConfiguration;
			buildSettings = {
				CODE_SIGN_STYLE = Automatic;
				DEVELOPMENT_TEAM = K8JX55NZQ5;
				ENABLE_HARDENED_RUNTIME = YES;
				PRODUCT_NAME = "$(TARGET_NAME)";
			};
			name = Debug;
		};
		119E8E0023EABB110079D78D /* Release */ = {
			isa = XCBuildConfiguration;
			buildSettings = {
				CODE_SIGN_STYLE = Automatic;
				DEVELOPMENT_TEAM = K8JX55NZQ5;
				ENABLE_HARDENED_RUNTIME = YES;
				PRODUCT_NAME = "$(TARGET_NAME)";
			};
			name = Release;
		};
		119E8E0D23EABD4C0079D78D /* Debug */ = {
			isa = XCBuildConfiguration;
			buildSettings = {
				CODE_SIGN_STYLE = Automatic;
				DEVELOPMENT_TEAM = K8JX55NZQ5;
				ENABLE_HARDENED_RUNTIME = YES;
				PRODUCT_NAME = "$(TARGET_NAME)";
			};
			name = Debug;
		};
		119E8E0E23EABD4C0079D78D /* Release */ = {
			isa = XCBuildConfiguration;
			buildSettings = {
				CODE_SIGN_STYLE = Automatic;
				DEVELOPMENT_TEAM = K8JX55NZQ5;
				ENABLE_HARDENED_RUNTIME = YES;
				PRODUCT_NAME = "$(TARGET_NAME)";
			};
			name = Release;
		};
		11E5E51823EAE941005991E8 /* Debug */ = {
			isa = XCBuildConfiguration;
			buildSettings = {
				CODE_SIGN_STYLE = Automatic;
				DEVELOPMENT_TEAM = K8JX55NZQ5;
				ENABLE_HARDENED_RUNTIME = YES;
				PRODUCT_NAME = "$(TARGET_NAME)";
			};
			name = Debug;
		};
		11E5E51923EAE941005991E8 /* Release */ = {
			isa = XCBuildConfiguration;
			buildSettings = {
				CODE_SIGN_STYLE = Automatic;
				DEVELOPMENT_TEAM = K8JX55NZQ5;
				ENABLE_HARDENED_RUNTIME = YES;
				PRODUCT_NAME = "$(TARGET_NAME)";
			};
			name = Release;
		};
		11E5E52623EAEDDD005991E8 /* Debug */ = {
			isa = XCBuildConfiguration;
			buildSettings = {
				CODE_SIGN_STYLE = Automatic;
				DEVELOPMENT_TEAM = K8JX55NZQ5;
				ENABLE_HARDENED_RUNTIME = YES;
				PRODUCT_NAME = "$(TARGET_NAME)";
			};
			name = Debug;
		};
		11E5E52723EAEDDD005991E8 /* Release */ = {
			isa = XCBuildConfiguration;
			buildSettings = {
				CODE_SIGN_STYLE = Automatic;
				DEVELOPMENT_TEAM = K8JX55NZQ5;
				ENABLE_HARDENED_RUNTIME = YES;
				PRODUCT_NAME = "$(TARGET_NAME)";
			};
			name = Release;
		};
		11E5E56023EBE017005991E8 /* Debug */ = {
			isa = XCBuildConfiguration;
			buildSettings = {
				CODE_SIGN_STYLE = Automatic;
				DEVELOPMENT_TEAM = K8JX55NZQ5;
				ENABLE_HARDENED_RUNTIME = YES;
				PRODUCT_NAME = "$(TARGET_NAME)";
				SWIFT_ACTIVE_COMPILATION_CONDITIONS = DEBUG;
				SWIFT_OPTIMIZATION_LEVEL = "-Onone";
				SWIFT_VERSION = 5.0;
			};
			name = Debug;
		};
		11E5E56123EBE017005991E8 /* Release */ = {
			isa = XCBuildConfiguration;
			buildSettings = {
				CODE_SIGN_STYLE = Automatic;
				DEVELOPMENT_TEAM = K8JX55NZQ5;
				ENABLE_HARDENED_RUNTIME = YES;
				PRODUCT_NAME = "$(TARGET_NAME)";
				SWIFT_COMPILATION_MODE = wholemodule;
				SWIFT_OPTIMIZATION_LEVEL = "-O";
				SWIFT_VERSION = 5.0;
			};
			name = Release;
		};
		11F819A623E3C340007FD1BD /* Debug */ = {
			isa = XCBuildConfiguration;
			buildSettings = {
				ALWAYS_SEARCH_USER_PATHS = NO;
				CLANG_ANALYZER_NONNULL = YES;
				CLANG_ANALYZER_NUMBER_OBJECT_CONVERSION = YES_AGGRESSIVE;
				CLANG_CXX_LANGUAGE_STANDARD = "gnu++14";
				CLANG_CXX_LIBRARY = "libc++";
				CLANG_ENABLE_MODULES = YES;
				CLANG_ENABLE_OBJC_ARC = YES;
				CLANG_ENABLE_OBJC_WEAK = YES;
				CLANG_WARN_BLOCK_CAPTURE_AUTORELEASING = YES;
				CLANG_WARN_BOOL_CONVERSION = YES;
				CLANG_WARN_COMMA = YES;
				CLANG_WARN_CONSTANT_CONVERSION = YES;
				CLANG_WARN_DEPRECATED_OBJC_IMPLEMENTATIONS = YES;
				CLANG_WARN_DIRECT_OBJC_ISA_USAGE = YES_ERROR;
				CLANG_WARN_DOCUMENTATION_COMMENTS = YES;
				CLANG_WARN_EMPTY_BODY = YES;
				CLANG_WARN_ENUM_CONVERSION = YES;
				CLANG_WARN_INFINITE_RECURSION = YES;
				CLANG_WARN_INT_CONVERSION = YES;
				CLANG_WARN_NON_LITERAL_NULL_CONVERSION = YES;
				CLANG_WARN_OBJC_IMPLICIT_RETAIN_SELF = YES;
				CLANG_WARN_OBJC_LITERAL_CONVERSION = YES;
				CLANG_WARN_OBJC_ROOT_CLASS = YES_ERROR;
				CLANG_WARN_RANGE_LOOP_ANALYSIS = YES;
				CLANG_WARN_STRICT_PROTOTYPES = YES;
				CLANG_WARN_SUSPICIOUS_MOVE = YES;
				CLANG_WARN_UNGUARDED_AVAILABILITY = YES_AGGRESSIVE;
				CLANG_WARN_UNREACHABLE_CODE = YES;
				CLANG_WARN__DUPLICATE_METHOD_MATCH = YES;
				COPY_PHASE_STRIP = NO;
				DEBUG_INFORMATION_FORMAT = dwarf;
				ENABLE_STRICT_OBJC_MSGSEND = YES;
				ENABLE_TESTABILITY = YES;
				GCC_C_LANGUAGE_STANDARD = gnu11;
				GCC_DYNAMIC_NO_PIC = NO;
				GCC_NO_COMMON_BLOCKS = YES;
				GCC_OPTIMIZATION_LEVEL = 0;
				GCC_PREPROCESSOR_DEFINITIONS = (
					"DEBUG=1",
					"$(inherited)",
				);
				GCC_WARN_64_TO_32_BIT_CONVERSION = YES;
				GCC_WARN_ABOUT_RETURN_TYPE = YES_ERROR;
				GCC_WARN_UNDECLARED_SELECTOR = YES;
				GCC_WARN_UNINITIALIZED_AUTOS = YES_AGGRESSIVE;
				GCC_WARN_UNUSED_FUNCTION = YES;
				GCC_WARN_UNUSED_VARIABLE = YES;
				MACOSX_DEPLOYMENT_TARGET = 10.15;
				MTL_ENABLE_DEBUG_INFO = INCLUDE_SOURCE;
				MTL_FAST_MATH = YES;
				ONLY_ACTIVE_ARCH = YES;
				SDKROOT = macosx;
			};
			name = Debug;
		};
		11F819A723E3C340007FD1BD /* Release */ = {
			isa = XCBuildConfiguration;
			buildSettings = {
				ALWAYS_SEARCH_USER_PATHS = NO;
				CLANG_ANALYZER_NONNULL = YES;
				CLANG_ANALYZER_NUMBER_OBJECT_CONVERSION = YES_AGGRESSIVE;
				CLANG_CXX_LANGUAGE_STANDARD = "gnu++14";
				CLANG_CXX_LIBRARY = "libc++";
				CLANG_ENABLE_MODULES = YES;
				CLANG_ENABLE_OBJC_ARC = YES;
				CLANG_ENABLE_OBJC_WEAK = YES;
				CLANG_WARN_BLOCK_CAPTURE_AUTORELEASING = YES;
				CLANG_WARN_BOOL_CONVERSION = YES;
				CLANG_WARN_COMMA = YES;
				CLANG_WARN_CONSTANT_CONVERSION = YES;
				CLANG_WARN_DEPRECATED_OBJC_IMPLEMENTATIONS = YES;
				CLANG_WARN_DIRECT_OBJC_ISA_USAGE = YES_ERROR;
				CLANG_WARN_DOCUMENTATION_COMMENTS = YES;
				CLANG_WARN_EMPTY_BODY = YES;
				CLANG_WARN_ENUM_CONVERSION = YES;
				CLANG_WARN_INFINITE_RECURSION = YES;
				CLANG_WARN_INT_CONVERSION = YES;
				CLANG_WARN_NON_LITERAL_NULL_CONVERSION = YES;
				CLANG_WARN_OBJC_IMPLICIT_RETAIN_SELF = YES;
				CLANG_WARN_OBJC_LITERAL_CONVERSION = YES;
				CLANG_WARN_OBJC_ROOT_CLASS = YES_ERROR;
				CLANG_WARN_RANGE_LOOP_ANALYSIS = YES;
				CLANG_WARN_STRICT_PROTOTYPES = YES;
				CLANG_WARN_SUSPICIOUS_MOVE = YES;
				CLANG_WARN_UNGUARDED_AVAILABILITY = YES_AGGRESSIVE;
				CLANG_WARN_UNREACHABLE_CODE = YES;
				CLANG_WARN__DUPLICATE_METHOD_MATCH = YES;
				COPY_PHASE_STRIP = NO;
				DEBUG_INFORMATION_FORMAT = "dwarf-with-dsym";
				ENABLE_NS_ASSERTIONS = NO;
				ENABLE_STRICT_OBJC_MSGSEND = YES;
				GCC_C_LANGUAGE_STANDARD = gnu11;
				GCC_NO_COMMON_BLOCKS = YES;
				GCC_WARN_64_TO_32_BIT_CONVERSION = YES;
				GCC_WARN_ABOUT_RETURN_TYPE = YES_ERROR;
				GCC_WARN_UNDECLARED_SELECTOR = YES;
				GCC_WARN_UNINITIALIZED_AUTOS = YES_AGGRESSIVE;
				GCC_WARN_UNUSED_FUNCTION = YES;
				GCC_WARN_UNUSED_VARIABLE = YES;
				MACOSX_DEPLOYMENT_TARGET = 10.15;
				MTL_ENABLE_DEBUG_INFO = NO;
				MTL_FAST_MATH = YES;
				SDKROOT = macosx;
			};
			name = Release;
		};
		11F819A923E3C340007FD1BD /* Debug */ = {
			isa = XCBuildConfiguration;
			buildSettings = {
				CODE_SIGN_STYLE = Automatic;
				DEVELOPMENT_TEAM = K8JX55NZQ5;
				ENABLE_HARDENED_RUNTIME = YES;
				PRODUCT_NAME = "$(TARGET_NAME)";
			};
			name = Debug;
		};
		11F819AA23E3C340007FD1BD /* Release */ = {
			isa = XCBuildConfiguration;
			buildSettings = {
				CODE_SIGN_STYLE = Automatic;
				DEVELOPMENT_TEAM = K8JX55NZQ5;
				ENABLE_HARDENED_RUNTIME = YES;
				PRODUCT_NAME = "$(TARGET_NAME)";
			};
			name = Release;
		};
		11F819B423E3D029007FD1BD /* Debug */ = {
			isa = XCBuildConfiguration;
			buildSettings = {
				CODE_SIGN_STYLE = Automatic;
				DEVELOPMENT_TEAM = K8JX55NZQ5;
				ENABLE_HARDENED_RUNTIME = YES;
				PRODUCT_NAME = "$(TARGET_NAME)";
			};
			name = Debug;
		};
		11F819B523E3D029007FD1BD /* Release */ = {
			isa = XCBuildConfiguration;
			buildSettings = {
				CODE_SIGN_STYLE = Automatic;
				DEVELOPMENT_TEAM = K8JX55NZQ5;
				ENABLE_HARDENED_RUNTIME = YES;
				PRODUCT_NAME = "$(TARGET_NAME)";
			};
			name = Release;
		};
		11F819BF23E3EF5A007FD1BD /* Debug */ = {
			isa = XCBuildConfiguration;
			buildSettings = {
				CODE_SIGN_STYLE = Automatic;
				DEVELOPMENT_TEAM = K8JX55NZQ5;
				ENABLE_HARDENED_RUNTIME = YES;
				PRODUCT_NAME = "$(TARGET_NAME)";
			};
			name = Debug;
		};
		11F819C023E3EF5A007FD1BD /* Release */ = {
			isa = XCBuildConfiguration;
			buildSettings = {
				CODE_SIGN_STYLE = Automatic;
				DEVELOPMENT_TEAM = K8JX55NZQ5;
				ENABLE_HARDENED_RUNTIME = YES;
				PRODUCT_NAME = "$(TARGET_NAME)";
			};
			name = Release;
		};
		11F819CA23E4002C007FD1BD /* Debug */ = {
			isa = XCBuildConfiguration;
			buildSettings = {
				CODE_SIGN_STYLE = Automatic;
				DEVELOPMENT_TEAM = K8JX55NZQ5;
				ENABLE_HARDENED_RUNTIME = YES;
				PRODUCT_NAME = "$(TARGET_NAME)";
			};
			name = Debug;
		};
		11F819CB23E4002C007FD1BD /* Release */ = {
			isa = XCBuildConfiguration;
			buildSettings = {
				CODE_SIGN_STYLE = Automatic;
				DEVELOPMENT_TEAM = K8JX55NZQ5;
				ENABLE_HARDENED_RUNTIME = YES;
				PRODUCT_NAME = "$(TARGET_NAME)";
			};
			name = Release;
		};
		11F819D523E44AD7007FD1BD /* Debug */ = {
			isa = XCBuildConfiguration;
			buildSettings = {
				CODE_SIGN_STYLE = Automatic;
				DEVELOPMENT_TEAM = K8JX55NZQ5;
				ENABLE_HARDENED_RUNTIME = YES;
				PRODUCT_NAME = "$(TARGET_NAME)";
			};
			name = Debug;
		};
		11F819D623E44AD7007FD1BD /* Release */ = {
			isa = XCBuildConfiguration;
			buildSettings = {
				CODE_SIGN_STYLE = Automatic;
				DEVELOPMENT_TEAM = K8JX55NZQ5;
				ENABLE_HARDENED_RUNTIME = YES;
				PRODUCT_NAME = "$(TARGET_NAME)";
			};
			name = Release;
		};
		11F819DF23E486B2007FD1BD /* Debug */ = {
			isa = XCBuildConfiguration;
			buildSettings = {
				CODE_SIGN_STYLE = Automatic;
				DEVELOPMENT_TEAM = K8JX55NZQ5;
				ENABLE_HARDENED_RUNTIME = YES;
				PRODUCT_NAME = "$(TARGET_NAME)";
			};
			name = Debug;
		};
		11F819E023E486B2007FD1BD /* Release */ = {
			isa = XCBuildConfiguration;
			buildSettings = {
				CODE_SIGN_STYLE = Automatic;
				DEVELOPMENT_TEAM = K8JX55NZQ5;
				ENABLE_HARDENED_RUNTIME = YES;
				PRODUCT_NAME = "$(TARGET_NAME)";
			};
			name = Release;
		};
/* End XCBuildConfiguration section */

/* Begin XCConfigurationList section */
		111EDDB223EABEA700F1F473 /* Build configuration list for PBXNativeTarget "24LinkListRevesed" */ = {
			isa = XCConfigurationList;
			buildConfigurations = (
				111EDDB023EABEA700F1F473 /* Debug */,
				111EDDB123EABEA700F1F473 /* Release */,
			);
			defaultConfigurationIsVisible = 0;
			defaultConfigurationName = Release;
		};
		114C73C023E69B6700BBE415 /* Build configuration list for PBXNativeTarget "9StackToQueue" */ = {
			isa = XCConfigurationList;
			buildConfigurations = (
				114C73BE23E69B6700BBE415 /* Debug */,
				114C73BF23E69B6700BBE415 /* Release */,
			);
			defaultConfigurationIsVisible = 0;
			defaultConfigurationName = Release;
		};
		114C73C923E6B81700BBE415 /* Build configuration list for PBXNativeTarget "10Fibonacci" */ = {
			isa = XCConfigurationList;
			buildConfigurations = (
				114C73CA23E6B81700BBE415 /* Debug */,
				114C73CB23E6B81700BBE415 /* Release */,
			);
			defaultConfigurationIsVisible = 0;
			defaultConfigurationName = Release;
		};
		114C73D423E6C9DA00BBE415 /* Build configuration list for PBXNativeTarget "11FindMinNumber" */ = {
			isa = XCConfigurationList;
			buildConfigurations = (
				114C73D523E6C9DA00BBE415 /* Debug */,
				114C73D623E6C9DA00BBE415 /* Release */,
			);
			defaultConfigurationIsVisible = 0;
			defaultConfigurationName = Release;
		};
		114C73DF23E70ABA00BBE415 /* Build configuration list for PBXNativeTarget "12FindMatrixPath" */ = {
			isa = XCConfigurationList;
			buildConfigurations = (
				114C73E023E70ABA00BBE415 /* Debug */,
				114C73E123E70ABA00BBE415 /* Release */,
			);
			defaultConfigurationIsVisible = 0;
			defaultConfigurationName = Release;
		};
		114C73EA23E7C5C600BBE415 /* Build configuration list for PBXNativeTarget "13RobotArea" */ = {
			isa = XCConfigurationList;
			buildConfigurations = (
				114C73EB23E7C5C600BBE415 /* Debug */,
				114C73EC23E7C5C600BBE415 /* Release */,
			);
			defaultConfigurationIsVisible = 0;
			defaultConfigurationName = Release;
		};
		114C73F523E7F64D00BBE415 /* Build configuration list for PBXNativeTarget "14CuttingRope" */ = {
			isa = XCConfigurationList;
			buildConfigurations = (
				114C73F623E7F64D00BBE415 /* Debug */,
				114C73F723E7F64D00BBE415 /* Release */,
			);
			defaultConfigurationIsVisible = 0;
			defaultConfigurationName = Release;
		};
		116C967823E5959D009FD880 /* Build configuration list for PBXNativeTarget "8FindTheNextNode" */ = {
			isa = XCConfigurationList;
			buildConfigurations = (
				116C967923E5959D009FD880 /* Debug */,
				116C967A23E5959D009FD880 /* Release */,
			);
			defaultConfigurationIsVisible = 0;
			defaultConfigurationName = Release;
		};
		119E8DA823E802FB0079D78D /* Build configuration list for PBXNativeTarget "15Binary1" */ = {
			isa = XCConfigurationList;
			buildConfigurations = (
				119E8DA623E802FB0079D78D /* Debug */,
				119E8DA723E802FB0079D78D /* Release */,
			);
			defaultConfigurationIsVisible = 0;
			defaultConfigurationName = Release;
		};
		119E8DB123E8179B0079D78D /* Build configuration list for PBXNativeTarget "16Power" */ = {
			isa = XCConfigurationList;
			buildConfigurations = (
				119E8DB223E8179B0079D78D /* Debug */,
				119E8DB323E8179B0079D78D /* Release */,
			);
			defaultConfigurationIsVisible = 0;
			defaultConfigurationName = Release;
		};
		119E8DBC23E93FB10079D78D /* Build configuration list for PBXNativeTarget "17Print1ToMaxN" */ = {
			isa = XCConfigurationList;
			buildConfigurations = (
				119E8DBD23E93FB10079D78D /* Debug */,
				119E8DBE23E93FB10079D78D /* Release */,
			);
			defaultConfigurationIsVisible = 0;
			defaultConfigurationName = Release;
		};
		119E8DC723E959830079D78D /* Build configuration list for PBXNativeTarget "18LikedList" */ = {
			isa = XCConfigurationList;
			buildConfigurations = (
				119E8DC823E959830079D78D /* Debug */,
				119E8DC923E959830079D78D /* Release */,
			);
			defaultConfigurationIsVisible = 0;
			defaultConfigurationName = Release;
		};
		119E8DD223E987FB0079D78D /* Build configuration list for PBXNativeTarget "19Regex" */ = {
			isa = XCConfigurationList;
			buildConfigurations = (
				119E8DD323E987FB0079D78D /* Debug */,
				119E8DD423E987FB0079D78D /* Release */,
			);
			defaultConfigurationIsVisible = 0;
			defaultConfigurationName = Release;
		};
		119E8DDD23E99CD60079D78D /* Build configuration list for PBXNativeTarget "20lala" */ = {
			isa = XCConfigurationList;
			buildConfigurations = (
				119E8DDE23E99CD60079D78D /* Debug */,
				119E8DDF23E99CD60079D78D /* Release */,
			);
			defaultConfigurationIsVisible = 0;
			defaultConfigurationName = Release;
		};
		119E8DE823EA8A800079D78D /* Build configuration list for PBXNativeTarget "20StringIsDigit" */ = {
			isa = XCConfigurationList;
			buildConfigurations = (
				119E8DE923EA8A800079D78D /* Debug */,
				119E8DEA23EA8A800079D78D /* Release */,
			);
			defaultConfigurationIsVisible = 0;
			defaultConfigurationName = Release;
		};
		119E8DF323EA996A0079D78D /* Build configuration list for PBXNativeTarget "21OrderNumbers" */ = {
			isa = XCConfigurationList;
			buildConfigurations = (
				119E8DF423EA996A0079D78D /* Debug */,
				119E8DF523EA996A0079D78D /* Release */,
			);
			defaultConfigurationIsVisible = 0;
			defaultConfigurationName = Release;
		};
		119E8DFE23EABB110079D78D /* Build configuration list for PBXNativeTarget "22LinkedListKNode" */ = {
			isa = XCConfigurationList;
			buildConfigurations = (
				119E8DFF23EABB110079D78D /* Debug */,
				119E8E0023EABB110079D78D /* Release */,
			);
			defaultConfigurationIsVisible = 0;
			defaultConfigurationName = Release;
		};
		119E8E0C23EABD4C0079D78D /* Build configuration list for PBXNativeTarget "23LinkedListCirclePoint" */ = {
			isa = XCConfigurationList;
			buildConfigurations = (
				119E8E0D23EABD4C0079D78D /* Debug */,
				119E8E0E23EABD4C0079D78D /* Release */,
			);
			defaultConfigurationIsVisible = 0;
			defaultConfigurationName = Release;
		};
		11E5E51723EAE941005991E8 /* Build configuration list for PBXNativeTarget "25LinkedListMerge" */ = {
			isa = XCConfigurationList;
			buildConfigurations = (
				11E5E51823EAE941005991E8 /* Debug */,
				11E5E51923EAE941005991E8 /* Release */,
			);
			defaultConfigurationIsVisible = 0;
			defaultConfigurationName = Release;
		};
		11E5E52523EAEDDD005991E8 /* Build configuration list for PBXNativeTarget "26BinaryTreeSubtree" */ = {
			isa = XCConfigurationList;
			buildConfigurations = (
				11E5E52623EAEDDD005991E8 /* Debug */,
				11E5E52723EAEDDD005991E8 /* Release */,
			);
			defaultConfigurationIsVisible = 0;
			defaultConfigurationName = Release;
		};
		11E5E56223EBE017005991E8 /* Build configuration list for PBXNativeTarget "27BinaryTreeMirror" */ = {
			isa = XCConfigurationList;
			buildConfigurations = (
				11E5E56023EBE017005991E8 /* Debug */,
				11E5E56123EBE017005991E8 /* Release */,
			);
			defaultConfigurationIsVisible = 0;
			defaultConfigurationName = Release;
		};
		11F8199C23E3C33F007FD1BD /* Build configuration list for PBXProject "AlgorithmsForOffer" */ = {
			isa = XCConfigurationList;
			buildConfigurations = (
				11F819A623E3C340007FD1BD /* Debug */,
				11F819A723E3C340007FD1BD /* Release */,
			);
			defaultConfigurationIsVisible = 0;
			defaultConfigurationName = Release;
		};
		11F819A823E3C340007FD1BD /* Build configuration list for PBXNativeTarget "AlgorithmsForOffer" */ = {
			isa = XCConfigurationList;
			buildConfigurations = (
				11F819A923E3C340007FD1BD /* Debug */,
				11F819AA23E3C340007FD1BD /* Release */,
			);
			defaultConfigurationIsVisible = 0;
			defaultConfigurationName = Release;
		};
		11F819B323E3D029007FD1BD /* Build configuration list for PBXNativeTarget "3RepeatNum" */ = {
			isa = XCConfigurationList;
			buildConfigurations = (
				11F819B423E3D029007FD1BD /* Debug */,
				11F819B523E3D029007FD1BD /* Release */,
			);
			defaultConfigurationIsVisible = 0;
			defaultConfigurationName = Release;
		};
		11F819BE23E3EF5A007FD1BD /* Build configuration list for PBXNativeTarget "4MatrixArray" */ = {
			isa = XCConfigurationList;
			buildConfigurations = (
				11F819BF23E3EF5A007FD1BD /* Debug */,
				11F819C023E3EF5A007FD1BD /* Release */,
			);
			defaultConfigurationIsVisible = 0;
			defaultConfigurationName = Release;
		};
		11F819C923E4002C007FD1BD /* Build configuration list for PBXNativeTarget "5ReplaceBlank" */ = {
			isa = XCConfigurationList;
			buildConfigurations = (
				11F819CA23E4002C007FD1BD /* Debug */,
				11F819CB23E4002C007FD1BD /* Release */,
			);
			defaultConfigurationIsVisible = 0;
			defaultConfigurationName = Release;
		};
		11F819D423E44AD7007FD1BD /* Build configuration list for PBXNativeTarget "6PrintLinkedList" */ = {
			isa = XCConfigurationList;
			buildConfigurations = (
				11F819D523E44AD7007FD1BD /* Debug */,
				11F819D623E44AD7007FD1BD /* Release */,
			);
			defaultConfigurationIsVisible = 0;
			defaultConfigurationName = Release;
		};
		11F819E123E486B2007FD1BD /* Build configuration list for PBXNativeTarget "7RebuildBinaryTree" */ = {
			isa = XCConfigurationList;
			buildConfigurations = (
				11F819DF23E486B2007FD1BD /* Debug */,
				11F819E023E486B2007FD1BD /* Release */,
			);
			defaultConfigurationIsVisible = 0;
			defaultConfigurationName = Release;
		};
/* End XCConfigurationList section */
	};
	rootObject = 11F8199923E3C33F007FD1BD /* Project object */;
}
